// !$*UTF8*$!
{
	archiveVersion = 1;
	classes = {
	};
	objectVersion = 77;
	objects = {

/* Begin PBXBuildFile section */
		2E2BFC7604720DC0494F0AF4 /* Pods_Better_IMDB.framework in Frameworks */ = {isa = PBXBuildFile; fileRef = 9FCABFE3ECA34F0AEEAF4356 /* Pods_Better_IMDB.framework */; };
		7016344F2DA55AA50066D373 /* TMDBService.swift in Sources */ = {isa = PBXBuildFile; fileRef = 7016344E2DA55AA50066D373 /* TMDBService.swift */; };
		704A69852DA3C3F3001E249C /* RxCocoa in Frameworks */ = {isa = PBXBuildFile; productRef = 704A69842DA3C3F3001E249C /* RxCocoa */; };
		704A69872DA3C3F3001E249C /* RxSwift in Frameworks */ = {isa = PBXBuildFile; productRef = 704A69862DA3C3F3001E249C /* RxSwift */; };
		704A69892DA3C3F3001E249C /* RxTest in Frameworks */ = {isa = PBXBuildFile; productRef = 704A69882DA3C3F3001E249C /* RxTest */; };
		704A698C2DA3DB6D001E249C /* APIRequest.swift in Sources */ = {isa = PBXBuildFile; fileRef = 704A698B2DA3DB6D001E249C /* APIRequest.swift */; };
		704A698E2DA3DC83001E249C /* APIClient.swift in Sources */ = {isa = PBXBuildFile; fileRef = 704A698D2DA3DC83001E249C /* APIClient.swift */; };
		704A69902DA3E07F001E249C /* TMDBAPI.swift in Sources */ = {isa = PBXBuildFile; fileRef = 704A698F2DA3E07F001E249C /* TMDBAPI.swift */; };
		704A69932DA3E0E0001E249C /* TMDBRequest.swift in Sources */ = {isa = PBXBuildFile; fileRef = 704A69922DA3E0D2001E249C /* TMDBRequest.swift */; };
		704A69CA2DA41769001E249C /* Quick in Frameworks */ = {isa = PBXBuildFile; productRef = 704A69C92DA41769001E249C /* Quick */; };
		704A69CC2DA41769001E249C /* QuickLint in Frameworks */ = {isa = PBXBuildFile; productRef = 704A69CB2DA41769001E249C /* QuickLint */; };
		704A69CF2DA41783001E249C /* Nimble in Frameworks */ = {isa = PBXBuildFile; productRef = 704A69CE2DA41783001E249C /* Nimble */; };
		704A6A032DA41FD5001E249C /* TMDBServiceSpec.swift in Sources */ = {isa = PBXBuildFile; fileRef = 704A6A022DA41FCE001E249C /* TMDBServiceSpec.swift */; };
		708CAECA2DA3A13B00062906 /* AppCoordinator.swift in Sources */ = {isa = PBXBuildFile; fileRef = 708CAEBA2DA3A13B00062906 /* AppCoordinator.swift */; };
		708CAECB2DA3A13B00062906 /* Coordinator.swift in Sources */ = {isa = PBXBuildFile; fileRef = 708CAEBB2DA3A13B00062906 /* Coordinator.swift */; };
		708CAECC2DA3A13B00062906 /* Storyboarded.swift in Sources */ = {isa = PBXBuildFile; fileRef = 708CAEBC2DA3A13B00062906 /* Storyboarded.swift */; };
		708CAECD2DA3A13B00062906 /* AppDelegate.swift in Sources */ = {isa = PBXBuildFile; fileRef = 708CAEBE2DA3A13B00062906 /* AppDelegate.swift */; };
		708CAECE2DA3A13B00062906 /* TMDB.swift in Sources */ = {isa = PBXBuildFile; fileRef = 708CAEC02DA3A13B00062906 /* TMDB.swift */; };
		708CAECF2DA3A13B00062906 /* HomeViewController.swift in Sources */ = {isa = PBXBuildFile; fileRef = 708CAEC82DA3A13B00062906 /* HomeViewController.swift */; };
		708CAED02DA3A13B00062906 /* Assets.xcassets in Resources */ = {isa = PBXBuildFile; fileRef = 708CAEC22DA3A13B00062906 /* Assets.xcassets */; };
		708CAED22DA3A13B00062906 /* LaunchScreen.storyboard in Resources */ = {isa = PBXBuildFile; fileRef = 708CAEC52DA3A13B00062906 /* LaunchScreen.storyboard */; };
		708CAED32DA3A13B00062906 /* Main.storyboard in Resources */ = {isa = PBXBuildFile; fileRef = 708CAEC72DA3A13B00062906 /* Main.storyboard */; };
		708CAED62DA3A14000062906 /* Better_IMDBTests.swift in Sources */ = {isa = PBXBuildFile; fileRef = 708CAED42DA3A14000062906 /* Better_IMDBTests.swift */; };
		708CAEE12DA3A3AE00062906 /* HomeViewModel.swift in Sources */ = {isa = PBXBuildFile; fileRef = 708CAEE02DA3A3AB00062906 /* HomeViewModel.swift */; };
		E0395E49DEADA00B26E25568 /* Pods_Better_IMDBTests.framework in Frameworks */ = {isa = PBXBuildFile; fileRef = FF57DD903B5982949494B868 /* Pods_Better_IMDBTests.framework */; };
/* End PBXBuildFile section */

/* Begin PBXContainerItemProxy section */
		708CAE902DA3A08D00062906 /* PBXContainerItemProxy */ = {
			isa = PBXContainerItemProxy;
			containerPortal = 708CAE712DA3A08A00062906 /* Project object */;
			proxyType = 1;
			remoteGlobalIDString = 708CAE782DA3A08A00062906;
			remoteInfo = "Better-IMDB";
		};
/* End PBXContainerItemProxy section */

/* Begin PBXFileReference section */
		0C105766A2B95E47C30CAE22 /* Pods-Better-IMDB.release.xcconfig */ = {isa = PBXFileReference; includeInIndex = 1; lastKnownFileType = text.xcconfig; name = "Pods-Better-IMDB.release.xcconfig"; path = "Target Support Files/Pods-Better-IMDB/Pods-Better-IMDB.release.xcconfig"; sourceTree = "<group>"; };
		0F077B33A76B69C99F72FD40 /* Pods-Better-IMDB.debug.xcconfig */ = {isa = PBXFileReference; includeInIndex = 1; lastKnownFileType = text.xcconfig; name = "Pods-Better-IMDB.debug.xcconfig"; path = "Target Support Files/Pods-Better-IMDB/Pods-Better-IMDB.debug.xcconfig"; sourceTree = "<group>"; };
		7016344E2DA55AA50066D373 /* TMDBService.swift */ = {isa = PBXFileReference; lastKnownFileType = sourcecode.swift; path = TMDBService.swift; sourceTree = "<group>"; };
		704A698B2DA3DB6D001E249C /* APIRequest.swift */ = {isa = PBXFileReference; lastKnownFileType = sourcecode.swift; path = APIRequest.swift; sourceTree = "<group>"; };
		704A698D2DA3DC83001E249C /* APIClient.swift */ = {isa = PBXFileReference; lastKnownFileType = sourcecode.swift; path = APIClient.swift; sourceTree = "<group>"; };
		704A698F2DA3E07F001E249C /* TMDBAPI.swift */ = {isa = PBXFileReference; lastKnownFileType = sourcecode.swift; path = TMDBAPI.swift; sourceTree = "<group>"; };
		704A69922DA3E0D2001E249C /* TMDBRequest.swift */ = {isa = PBXFileReference; lastKnownFileType = sourcecode.swift; path = TMDBRequest.swift; sourceTree = "<group>"; };
		704A69942DA41644001E249C /* Better-IMDB.xctestplan */ = {isa = PBXFileReference; lastKnownFileType = text; path = "Better-IMDB.xctestplan"; sourceTree = "<group>"; };
		704A6A022DA41FCE001E249C /* TMDBServiceSpec.swift */ = {isa = PBXFileReference; lastKnownFileType = sourcecode.swift; path = TMDBServiceSpec.swift; sourceTree = "<group>"; };
		708CAE792DA3A08A00062906 /* Better-IMDB.app */ = {isa = PBXFileReference; explicitFileType = wrapper.application; includeInIndex = 0; path = "Better-IMDB.app"; sourceTree = BUILT_PRODUCTS_DIR; };
		708CAE8F2DA3A08D00062906 /* Better-IMDBTests.xctest */ = {isa = PBXFileReference; explicitFileType = wrapper.cfbundle; includeInIndex = 0; path = "Better-IMDBTests.xctest"; sourceTree = BUILT_PRODUCTS_DIR; };
		708CAEBA2DA3A13B00062906 /* AppCoordinator.swift */ = {isa = PBXFileReference; lastKnownFileType = sourcecode.swift; path = AppCoordinator.swift; sourceTree = "<group>"; };
		708CAEBB2DA3A13B00062906 /* Coordinator.swift */ = {isa = PBXFileReference; lastKnownFileType = sourcecode.swift; path = Coordinator.swift; sourceTree = "<group>"; };
		708CAEBC2DA3A13B00062906 /* Storyboarded.swift */ = {isa = PBXFileReference; lastKnownFileType = sourcecode.swift; path = Storyboarded.swift; sourceTree = "<group>"; };
		708CAEBE2DA3A13B00062906 /* AppDelegate.swift */ = {isa = PBXFileReference; lastKnownFileType = sourcecode.swift; path = AppDelegate.swift; sourceTree = "<group>"; };
		708CAEC02DA3A13B00062906 /* TMDB.swift */ = {isa = PBXFileReference; lastKnownFileType = sourcecode.swift; path = TMDB.swift; sourceTree = "<group>"; };
		708CAEC22DA3A13B00062906 /* Assets.xcassets */ = {isa = PBXFileReference; lastKnownFileType = folder.assetcatalog; path = Assets.xcassets; sourceTree = "<group>"; };
		708CAEC32DA3A13B00062906 /* Info.plist */ = {isa = PBXFileReference; lastKnownFileType = text.plist.xml; path = Info.plist; sourceTree = "<group>"; };
		708CAEC42DA3A13B00062906 /* Base */ = {isa = PBXFileReference; lastKnownFileType = file.storyboard; name = Base; path = Base.lproj/LaunchScreen.storyboard; sourceTree = "<group>"; };
		708CAEC62DA3A13B00062906 /* Base */ = {isa = PBXFileReference; lastKnownFileType = file.storyboard; name = Base; path = Base.lproj/Main.storyboard; sourceTree = "<group>"; };
		708CAEC82DA3A13B00062906 /* HomeViewController.swift */ = {isa = PBXFileReference; lastKnownFileType = sourcecode.swift; path = HomeViewController.swift; sourceTree = "<group>"; };
		708CAED42DA3A14000062906 /* Better_IMDBTests.swift */ = {isa = PBXFileReference; lastKnownFileType = sourcecode.swift; path = Better_IMDBTests.swift; sourceTree = "<group>"; };
		708CAEE02DA3A3AB00062906 /* HomeViewModel.swift */ = {isa = PBXFileReference; lastKnownFileType = sourcecode.swift; path = HomeViewModel.swift; sourceTree = "<group>"; };
		8925B360A557176EFF5ED914 /* Pods-Better-IMDBTests.release.xcconfig */ = {isa = PBXFileReference; includeInIndex = 1; lastKnownFileType = text.xcconfig; name = "Pods-Better-IMDBTests.release.xcconfig"; path = "Target Support Files/Pods-Better-IMDBTests/Pods-Better-IMDBTests.release.xcconfig"; sourceTree = "<group>"; };
		9FCABFE3ECA34F0AEEAF4356 /* Pods_Better_IMDB.framework */ = {isa = PBXFileReference; explicitFileType = wrapper.framework; includeInIndex = 0; path = Pods_Better_IMDB.framework; sourceTree = BUILT_PRODUCTS_DIR; };
		FF57DD903B5982949494B868 /* Pods_Better_IMDBTests.framework */ = {isa = PBXFileReference; explicitFileType = wrapper.framework; includeInIndex = 0; path = Pods_Better_IMDBTests.framework; sourceTree = BUILT_PRODUCTS_DIR; };
		FF7E8D92DD69E98F2EE53911 /* Pods-Better-IMDBTests.debug.xcconfig */ = {isa = PBXFileReference; includeInIndex = 1; lastKnownFileType = text.xcconfig; name = "Pods-Better-IMDBTests.debug.xcconfig"; path = "Target Support Files/Pods-Better-IMDBTests/Pods-Better-IMDBTests.debug.xcconfig"; sourceTree = "<group>"; };
/* End PBXFileReference section */

/* Begin PBXFrameworksBuildPhase section */
		708CAE762DA3A08A00062906 /* Frameworks */ = {
			isa = PBXFrameworksBuildPhase;
			buildActionMask = 2147483647;
			files = (
				704A69872DA3C3F3001E249C /* RxSwift in Frameworks */,
				704A69852DA3C3F3001E249C /* RxCocoa in Frameworks */,
				2E2BFC7604720DC0494F0AF4 /* Pods_Better_IMDB.framework in Frameworks */,
			);
			runOnlyForDeploymentPostprocessing = 0;
		};
		708CAE8C2DA3A08D00062906 /* Frameworks */ = {
			isa = PBXFrameworksBuildPhase;
			buildActionMask = 2147483647;
			files = (
				704A69CC2DA41769001E249C /* QuickLint in Frameworks */,
				704A69CF2DA41783001E249C /* Nimble in Frameworks */,
				704A69CA2DA41769001E249C /* Quick in Frameworks */,
				704A69892DA3C3F3001E249C /* RxTest in Frameworks */,
				E0395E49DEADA00B26E25568 /* Pods_Better_IMDBTests.framework in Frameworks */,
			);
			runOnlyForDeploymentPostprocessing = 0;
		};
/* End PBXFrameworksBuildPhase section */

/* Begin PBXGroup section */
		695B512F808DC1C7A5F8D3F1 /* Pods */ = {
			isa = PBXGroup;
			children = (
				0F077B33A76B69C99F72FD40 /* Pods-Better-IMDB.debug.xcconfig */,
				0C105766A2B95E47C30CAE22 /* Pods-Better-IMDB.release.xcconfig */,
				FF7E8D92DD69E98F2EE53911 /* Pods-Better-IMDBTests.debug.xcconfig */,
				8925B360A557176EFF5ED914 /* Pods-Better-IMDBTests.release.xcconfig */,
			);
			path = Pods;
			sourceTree = "<group>";
		};
		7016344D2DA55A9D0066D373 /* Services */ = {
			isa = PBXGroup;
			children = (
				7016344E2DA55AA50066D373 /* TMDBService.swift */,
			);
			path = Services;
			sourceTree = "<group>";
		};
		704A698A2DA3DB59001E249C /* Network */ = {
			isa = PBXGroup;
			children = (
				704A69912DA3E0CA001E249C /* Request */,
				704A698F2DA3E07F001E249C /* TMDBAPI.swift */,
				704A698D2DA3DC83001E249C /* APIClient.swift */,
				704A698B2DA3DB6D001E249C /* APIRequest.swift */,
			);
			path = Network;
			sourceTree = "<group>";
		};
		704A69912DA3E0CA001E249C /* Request */ = {
			isa = PBXGroup;
			children = (
				704A69922DA3E0D2001E249C /* TMDBRequest.swift */,
			);
			path = Request;
			sourceTree = "<group>";
		};
		708CAE702DA3A08A00062906 = {
			isa = PBXGroup;
			children = (
				704A69942DA41644001E249C /* Better-IMDB.xctestplan */,
				708CAEC92DA3A13B00062906 /* Better-IMDB */,
				708CAED52DA3A14000062906 /* Better-IMDBTests */,
				708CAE7A2DA3A08A00062906 /* Products */,
				695B512F808DC1C7A5F8D3F1 /* Pods */,
				D4B3EA5B88CD5DBF4A6F4159 /* Frameworks */,
			);
			sourceTree = "<group>";
		};
		708CAE7A2DA3A08A00062906 /* Products */ = {
			isa = PBXGroup;
			children = (
				708CAE792DA3A08A00062906 /* Better-IMDB.app */,
				708CAE8F2DA3A08D00062906 /* Better-IMDBTests.xctest */,
			);
			name = Products;
			sourceTree = "<group>";
		};
		708CAEBD2DA3A13B00062906 /* Coordinators */ = {
			isa = PBXGroup;
			children = (
				708CAEBA2DA3A13B00062906 /* AppCoordinator.swift */,
				708CAEBB2DA3A13B00062906 /* Coordinator.swift */,
				708CAEBC2DA3A13B00062906 /* Storyboarded.swift */,
			);
			path = Coordinators;
			sourceTree = "<group>";
		};
		708CAEBF2DA3A13B00062906 /* Core */ = {
			isa = PBXGroup;
			children = (
				708CAEBE2DA3A13B00062906 /* AppDelegate.swift */,
			);
			path = Core;
			sourceTree = "<group>";
		};
		708CAEC12DA3A13B00062906 /* Models */ = {
			isa = PBXGroup;
			children = (
				708CAEC02DA3A13B00062906 /* TMDB.swift */,
			);
			path = Models;
			sourceTree = "<group>";
		};
		708CAEC92DA3A13B00062906 /* Better-IMDB */ = {
			isa = PBXGroup;
			children = (
				7016344D2DA55A9D0066D373 /* Services */,
				704A698A2DA3DB59001E249C /* Network */,
				708CAEBF2DA3A13B00062906 /* Core */,
				708CAEBD2DA3A13B00062906 /* Coordinators */,
				708CAEC12DA3A13B00062906 /* Models */,
				708CAEDC2DA3A16700062906 /* Presentation */,
				708CAEDE2DA3A2AF00062906 /* Resources */,
				708CAEC32DA3A13B00062906 /* Info.plist */,
			);
			path = "Better-IMDB";
			sourceTree = "<group>";
		};
		708CAED52DA3A14000062906 /* Better-IMDBTests */ = {
			isa = PBXGroup;
			children = (
				704A6A022DA41FCE001E249C /* TMDBServiceSpec.swift */,
				708CAED42DA3A14000062906 /* Better_IMDBTests.swift */,
			);
			path = "Better-IMDBTests";
			sourceTree = "<group>";
		};
		708CAEDC2DA3A16700062906 /* Presentation */ = {
			isa = PBXGroup;
			children = (
				708CAEDD2DA3A1B700062906 /* Home */,
				708CAEC52DA3A13B00062906 /* LaunchScreen.storyboard */,
				708CAEC72DA3A13B00062906 /* Main.storyboard */,
			);
			path = Presentation;
			sourceTree = "<group>";
		};
		708CAEDD2DA3A1B700062906 /* Home */ = {
			isa = PBXGroup;
			children = (
				708CAEE02DA3A3AB00062906 /* HomeViewModel.swift */,
				708CAEC82DA3A13B00062906 /* HomeViewController.swift */,
			);
			path = Home;
			sourceTree = "<group>";
		};
		708CAEDE2DA3A2AF00062906 /* Resources */ = {
			isa = PBXGroup;
			children = (
				708CAEC22DA3A13B00062906 /* Assets.xcassets */,
			);
			path = Resources;
			sourceTree = "<group>";
		};
		D4B3EA5B88CD5DBF4A6F4159 /* Frameworks */ = {
			isa = PBXGroup;
			children = (
				9FCABFE3ECA34F0AEEAF4356 /* Pods_Better_IMDB.framework */,
				FF57DD903B5982949494B868 /* Pods_Better_IMDBTests.framework */,
			);
			name = Frameworks;
			sourceTree = "<group>";
		};
/* End PBXGroup section */

/* Begin PBXNativeTarget section */
		708CAE782DA3A08A00062906 /* Better-IMDB */ = {
			isa = PBXNativeTarget;
			buildConfigurationList = 708CAEA22DA3A08D00062906 /* Build configuration list for PBXNativeTarget "Better-IMDB" */;
			buildPhases = (
				7A07093FCA8D05E310D9FB0B /* [CP] Check Pods Manifest.lock */,
				708CAE752DA3A08A00062906 /* Sources */,
				708CAE762DA3A08A00062906 /* Frameworks */,
				708CAE772DA3A08A00062906 /* Resources */,
				4094CFD43C6DE45E94B799FB /* [CP] Embed Pods Frameworks */,
			);
			buildRules = (
			);
			dependencies = (
			);
			name = "Better-IMDB";
			packageProductDependencies = (
				704A69842DA3C3F3001E249C /* RxCocoa */,
				704A69862DA3C3F3001E249C /* RxSwift */,
			);
			productName = "Better-IMDB";
			productReference = 708CAE792DA3A08A00062906 /* Better-IMDB.app */;
			productType = "com.apple.product-type.application";
		};
		708CAE8E2DA3A08D00062906 /* Better-IMDBTests */ = {
			isa = PBXNativeTarget;
			buildConfigurationList = 708CAEA72DA3A08D00062906 /* Build configuration list for PBXNativeTarget "Better-IMDBTests" */;
			buildPhases = (
				4A676192F5E1C0CB78EFF101 /* [CP] Check Pods Manifest.lock */,
				708CAE8B2DA3A08D00062906 /* Sources */,
				708CAE8C2DA3A08D00062906 /* Frameworks */,
				708CAE8D2DA3A08D00062906 /* Resources */,
				3DBE824186E03462C6C23038 /* [CP] Embed Pods Frameworks */,
			);
			buildRules = (
			);
			dependencies = (
				708CAE912DA3A08D00062906 /* PBXTargetDependency */,
			);
			name = "Better-IMDBTests";
			packageProductDependencies = (
				704A69882DA3C3F3001E249C /* RxTest */,
				704A69C92DA41769001E249C /* Quick */,
				704A69CB2DA41769001E249C /* QuickLint */,
				704A69CE2DA41783001E249C /* Nimble */,
			);
			productName = "Better-IMDBTests";
			productReference = 708CAE8F2DA3A08D00062906 /* Better-IMDBTests.xctest */;
			productType = "com.apple.product-type.bundle.unit-test";
		};
/* End PBXNativeTarget section */

/* Begin PBXProject section */
		708CAE712DA3A08A00062906 /* Project object */ = {
			isa = PBXProject;
			attributes = {
				BuildIndependentTargetsInParallel = 1;
				LastSwiftUpdateCheck = 1620;
				LastUpgradeCheck = 1620;
				TargetAttributes = {
					708CAE782DA3A08A00062906 = {
						CreatedOnToolsVersion = 16.2;
					};
					708CAE8E2DA3A08D00062906 = {
						CreatedOnToolsVersion = 16.2;
						TestTargetID = 708CAE782DA3A08A00062906;
					};
				};
			};
			buildConfigurationList = 708CAE742DA3A08A00062906 /* Build configuration list for PBXProject "Better-IMDB" */;
			developmentRegion = en;
			hasScannedForEncodings = 0;
			knownRegions = (
				en,
				Base,
			);
			mainGroup = 708CAE702DA3A08A00062906;
			minimizedProjectReferenceProxies = 1;
			packageReferences = (
				704A69832DA3C3F3001E249C /* XCRemoteSwiftPackageReference "RxSwift" */,
				704A69C82DA41769001E249C /* XCRemoteSwiftPackageReference "Quick" */,
				704A69CD2DA41783001E249C /* XCRemoteSwiftPackageReference "Nimble" */,
			);
			preferredProjectObjectVersion = 77;
			productRefGroup = 708CAE7A2DA3A08A00062906 /* Products */;
			projectDirPath = "";
			projectRoot = "";
			targets = (
				708CAE782DA3A08A00062906 /* Better-IMDB */,
				708CAE8E2DA3A08D00062906 /* Better-IMDBTests */,
			);
		};
/* End PBXProject section */

/* Begin PBXResourcesBuildPhase section */
		708CAE772DA3A08A00062906 /* Resources */ = {
			isa = PBXResourcesBuildPhase;
			buildActionMask = 2147483647;
			files = (
				708CAED02DA3A13B00062906 /* Assets.xcassets in Resources */,
				708CAED22DA3A13B00062906 /* LaunchScreen.storyboard in Resources */,
				708CAED32DA3A13B00062906 /* Main.storyboard in Resources */,
			);
			runOnlyForDeploymentPostprocessing = 0;
		};
		708CAE8D2DA3A08D00062906 /* Resources */ = {
			isa = PBXResourcesBuildPhase;
			buildActionMask = 2147483647;
			files = (
			);
			runOnlyForDeploymentPostprocessing = 0;
		};
/* End PBXResourcesBuildPhase section */

/* Begin PBXShellScriptBuildPhase section */
		3DBE824186E03462C6C23038 /* [CP] Embed Pods Frameworks */ = {
			isa = PBXShellScriptBuildPhase;
			buildActionMask = 2147483647;
			files = (
			);
			inputFileListPaths = (
				"${PODS_ROOT}/Target Support Files/Pods-Better-IMDBTests/Pods-Better-IMDBTests-frameworks-${CONFIGURATION}-input-files.xcfilelist",
			);
			name = "[CP] Embed Pods Frameworks";
			outputFileListPaths = (
				"${PODS_ROOT}/Target Support Files/Pods-Better-IMDBTests/Pods-Better-IMDBTests-frameworks-${CONFIGURATION}-output-files.xcfilelist",
			);
			runOnlyForDeploymentPostprocessing = 0;
			shellPath = /bin/sh;
			shellScript = "\"${PODS_ROOT}/Target Support Files/Pods-Better-IMDBTests/Pods-Better-IMDBTests-frameworks.sh\"\n";
			showEnvVarsInLog = 0;
		};
		4094CFD43C6DE45E94B799FB /* [CP] Embed Pods Frameworks */ = {
			isa = PBXShellScriptBuildPhase;
			buildActionMask = 2147483647;
			files = (
			);
			inputFileListPaths = (
				"${PODS_ROOT}/Target Support Files/Pods-Better-IMDB/Pods-Better-IMDB-frameworks-${CONFIGURATION}-input-files.xcfilelist",
			);
			name = "[CP] Embed Pods Frameworks";
			outputFileListPaths = (
				"${PODS_ROOT}/Target Support Files/Pods-Better-IMDB/Pods-Better-IMDB-frameworks-${CONFIGURATION}-output-files.xcfilelist",
			);
			runOnlyForDeploymentPostprocessing = 0;
			shellPath = /bin/sh;
			shellScript = "\"${PODS_ROOT}/Target Support Files/Pods-Better-IMDB/Pods-Better-IMDB-frameworks.sh\"\n";
			showEnvVarsInLog = 0;
		};
		4A676192F5E1C0CB78EFF101 /* [CP] Check Pods Manifest.lock */ = {
			isa = PBXShellScriptBuildPhase;
			buildActionMask = 2147483647;
			files = (
			);
			inputFileListPaths = (
			);
			inputPaths = (
				"${PODS_PODFILE_DIR_PATH}/Podfile.lock",
				"${PODS_ROOT}/Manifest.lock",
			);
			name = "[CP] Check Pods Manifest.lock";
			outputFileListPaths = (
			);
			outputPaths = (
				"$(DERIVED_FILE_DIR)/Pods-Better-IMDBTests-checkManifestLockResult.txt",
			);
			runOnlyForDeploymentPostprocessing = 0;
			shellPath = /bin/sh;
			shellScript = "diff \"${PODS_PODFILE_DIR_PATH}/Podfile.lock\" \"${PODS_ROOT}/Manifest.lock\" > /dev/null\nif [ $? != 0 ] ; then\n    # print error to STDERR\n    echo \"error: The sandbox is not in sync with the Podfile.lock. Run 'pod install' or update your CocoaPods installation.\" >&2\n    exit 1\nfi\n# This output is used by Xcode 'outputs' to avoid re-running this script phase.\necho \"SUCCESS\" > \"${SCRIPT_OUTPUT_FILE_0}\"\n";
			showEnvVarsInLog = 0;
		};
		7A07093FCA8D05E310D9FB0B /* [CP] Check Pods Manifest.lock */ = {
			isa = PBXShellScriptBuildPhase;
			buildActionMask = 2147483647;
			files = (
			);
			inputFileListPaths = (
			);
			inputPaths = (
				"${PODS_PODFILE_DIR_PATH}/Podfile.lock",
				"${PODS_ROOT}/Manifest.lock",
			);
			name = "[CP] Check Pods Manifest.lock";
			outputFileListPaths = (
			);
			outputPaths = (
				"$(DERIVED_FILE_DIR)/Pods-Better-IMDB-checkManifestLockResult.txt",
			);
			runOnlyForDeploymentPostprocessing = 0;
			shellPath = /bin/sh;
			shellScript = "diff \"${PODS_PODFILE_DIR_PATH}/Podfile.lock\" \"${PODS_ROOT}/Manifest.lock\" > /dev/null\nif [ $? != 0 ] ; then\n    # print error to STDERR\n    echo \"error: The sandbox is not in sync with the Podfile.lock. Run 'pod install' or update your CocoaPods installation.\" >&2\n    exit 1\nfi\n# This output is used by Xcode 'outputs' to avoid re-running this script phase.\necho \"SUCCESS\" > \"${SCRIPT_OUTPUT_FILE_0}\"\n";
			showEnvVarsInLog = 0;
		};
/* End PBXShellScriptBuildPhase section */

/* Begin PBXSourcesBuildPhase section */
		708CAE752DA3A08A00062906 /* Sources */ = {
			isa = PBXSourcesBuildPhase;
			buildActionMask = 2147483647;
			files = (
				7016344F2DA55AA50066D373 /* TMDBService.swift in Sources */,
				708CAECA2DA3A13B00062906 /* AppCoordinator.swift in Sources */,
				704A69902DA3E07F001E249C /* TMDBAPI.swift in Sources */,
				708CAECB2DA3A13B00062906 /* Coordinator.swift in Sources */,
				704A69932DA3E0E0001E249C /* TMDBRequest.swift in Sources */,
				704A698E2DA3DC83001E249C /* APIClient.swift in Sources */,
				708CAEE12DA3A3AE00062906 /* HomeViewModel.swift in Sources */,
				708CAECC2DA3A13B00062906 /* Storyboarded.swift in Sources */,
				708CAECD2DA3A13B00062906 /* AppDelegate.swift in Sources */,
				708CAECE2DA3A13B00062906 /* TMDB.swift in Sources */,
				704A698C2DA3DB6D001E249C /* APIRequest.swift in Sources */,
				708CAECF2DA3A13B00062906 /* HomeViewController.swift in Sources */,
			);
			runOnlyForDeploymentPostprocessing = 0;
		};
		708CAE8B2DA3A08D00062906 /* Sources */ = {
			isa = PBXSourcesBuildPhase;
			buildActionMask = 2147483647;
			files = (
				704A6A032DA41FD5001E249C /* TMDBServiceSpec.swift in Sources */,
				708CAED62DA3A14000062906 /* Better_IMDBTests.swift in Sources */,
			);
			runOnlyForDeploymentPostprocessing = 0;
		};
/* End PBXSourcesBuildPhase section */

/* Begin PBXTargetDependency section */
		708CAE912DA3A08D00062906 /* PBXTargetDependency */ = {
			isa = PBXTargetDependency;
			target = 708CAE782DA3A08A00062906 /* Better-IMDB */;
			targetProxy = 708CAE902DA3A08D00062906 /* PBXContainerItemProxy */;
		};
/* End PBXTargetDependency section */

/* Begin PBXVariantGroup section */
		708CAEC52DA3A13B00062906 /* LaunchScreen.storyboard */ = {
			isa = PBXVariantGroup;
			children = (
				708CAEC42DA3A13B00062906 /* Base */,
			);
			name = LaunchScreen.storyboard;
			sourceTree = "<group>";
		};
		708CAEC72DA3A13B00062906 /* Main.storyboard */ = {
			isa = PBXVariantGroup;
			children = (
				708CAEC62DA3A13B00062906 /* Base */,
			);
			name = Main.storyboard;
			sourceTree = "<group>";
		};
/* End PBXVariantGroup section */

/* Begin XCBuildConfiguration section */
		708CAEA32DA3A08D00062906 /* Debug */ = {
			isa = XCBuildConfiguration;
			baseConfigurationReference = 0F077B33A76B69C99F72FD40 /* Pods-Better-IMDB.debug.xcconfig */;
			buildSettings = {
				ASSETCATALOG_COMPILER_APPICON_NAME = AppIcon;
				ASSETCATALOG_COMPILER_GLOBAL_ACCENT_COLOR_NAME = AccentColor;
				CODE_SIGN_STYLE = Automatic;
				CURRENT_PROJECT_VERSION = 1;
				DEVELOPMENT_TEAM = HGYNZXM7W6;
				ENABLE_USER_SCRIPT_SANDBOXING = NO;
				GENERATE_INFOPLIST_FILE = YES;
				INFOPLIST_FILE = "Better-IMDB/Info.plist";
				INFOPLIST_KEY_UIApplicationSupportsIndirectInputEvents = YES;
				INFOPLIST_KEY_UILaunchStoryboardName = LaunchScreen;
				INFOPLIST_KEY_UIMainStoryboardFile = Main;
				INFOPLIST_KEY_UISupportedInterfaceOrientations_iPad = "UIInterfaceOrientationPortrait UIInterfaceOrientationPortraitUpsideDown UIInterfaceOrientationLandscapeLeft UIInterfaceOrientationLandscapeRight";
				INFOPLIST_KEY_UISupportedInterfaceOrientations_iPhone = "UIInterfaceOrientationPortrait UIInterfaceOrientationLandscapeLeft UIInterfaceOrientationLandscapeRight";
				LD_RUNPATH_SEARCH_PATHS = (
					"$(inherited)",
					"@executable_path/Frameworks",
				);
				MARKETING_VERSION = 1.0;
				PRODUCT_BUNDLE_IDENTIFIER = "com.dbug.Better-IMDB";
				PRODUCT_NAME = "$(TARGET_NAME)";
				SWIFT_EMIT_LOC_STRINGS = YES;
				SWIFT_VERSION = 5.0;
				TARGETED_DEVICE_FAMILY = "1,2";
			};
			name = Debug;
		};
		708CAEA42DA3A08D00062906 /* Release */ = {
			isa = XCBuildConfiguration;
			baseConfigurationReference = 0C105766A2B95E47C30CAE22 /* Pods-Better-IMDB.release.xcconfig */;
			buildSettings = {
				ASSETCATALOG_COMPILER_APPICON_NAME = AppIcon;
				ASSETCATALOG_COMPILER_GLOBAL_ACCENT_COLOR_NAME = AccentColor;
				CODE_SIGN_STYLE = Automatic;
				CURRENT_PROJECT_VERSION = 1;
				DEVELOPMENT_TEAM = HGYNZXM7W6;
				ENABLE_USER_SCRIPT_SANDBOXING = NO;
				GENERATE_INFOPLIST_FILE = YES;
				INFOPLIST_FILE = "Better-IMDB/Info.plist";
				INFOPLIST_KEY_UIApplicationSupportsIndirectInputEvents = YES;
				INFOPLIST_KEY_UILaunchStoryboardName = LaunchScreen;
				INFOPLIST_KEY_UIMainStoryboardFile = Main;
				INFOPLIST_KEY_UISupportedInterfaceOrientations_iPad = "UIInterfaceOrientationPortrait UIInterfaceOrientationPortraitUpsideDown UIInterfaceOrientationLandscapeLeft UIInterfaceOrientationLandscapeRight";
				INFOPLIST_KEY_UISupportedInterfaceOrientations_iPhone = "UIInterfaceOrientationPortrait UIInterfaceOrientationLandscapeLeft UIInterfaceOrientationLandscapeRight";
				LD_RUNPATH_SEARCH_PATHS = (
					"$(inherited)",
					"@executable_path/Frameworks",
				);
				MARKETING_VERSION = 1.0;
				PRODUCT_BUNDLE_IDENTIFIER = "com.dbug.Better-IMDB";
				PRODUCT_NAME = "$(TARGET_NAME)";
				SWIFT_EMIT_LOC_STRINGS = YES;
				SWIFT_VERSION = 5.0;
				TARGETED_DEVICE_FAMILY = "1,2";
			};
			name = Release;
		};
		708CAEA52DA3A08D00062906 /* Debug */ = {
			isa = XCBuildConfiguration;
			buildSettings = {
				ALWAYS_SEARCH_USER_PATHS = NO;
				ASSETCATALOG_COMPILER_GENERATE_SWIFT_ASSET_SYMBOL_EXTENSIONS = YES;
				CLANG_ANALYZER_NONNULL = YES;
				CLANG_ANALYZER_NUMBER_OBJECT_CONVERSION = YES_AGGRESSIVE;
				CLANG_CXX_LANGUAGE_STANDARD = "gnu++20";
				CLANG_ENABLE_MODULES = YES;
				CLANG_ENABLE_OBJC_ARC = YES;
				CLANG_ENABLE_OBJC_WEAK = YES;
				CLANG_WARN_BLOCK_CAPTURE_AUTORELEASING = YES;
				CLANG_WARN_BOOL_CONVERSION = YES;
				CLANG_WARN_COMMA = YES;
				CLANG_WARN_CONSTANT_CONVERSION = YES;
				CLANG_WARN_DEPRECATED_OBJC_IMPLEMENTATIONS = YES;
				CLANG_WARN_DIRECT_OBJC_ISA_USAGE = YES_ERROR;
				CLANG_WARN_DOCUMENTATION_COMMENTS = YES;
				CLANG_WARN_EMPTY_BODY = YES;
				CLANG_WARN_ENUM_CONVERSION = YES;
				CLANG_WARN_INFINITE_RECURSION = YES;
				CLANG_WARN_INT_CONVERSION = YES;
				CLANG_WARN_NON_LITERAL_NULL_CONVERSION = YES;
				CLANG_WARN_OBJC_IMPLICIT_RETAIN_SELF = YES;
				CLANG_WARN_OBJC_LITERAL_CONVERSION = YES;
				CLANG_WARN_OBJC_ROOT_CLASS = YES_ERROR;
				CLANG_WARN_QUOTED_INCLUDE_IN_FRAMEWORK_HEADER = YES;
				CLANG_WARN_RANGE_LOOP_ANALYSIS = YES;
				CLANG_WARN_STRICT_PROTOTYPES = YES;
				CLANG_WARN_SUSPICIOUS_MOVE = YES;
				CLANG_WARN_UNGUARDED_AVAILABILITY = YES_AGGRESSIVE;
				CLANG_WARN_UNREACHABLE_CODE = YES;
				CLANG_WARN__DUPLICATE_METHOD_MATCH = YES;
				COPY_PHASE_STRIP = NO;
				DEBUG_INFORMATION_FORMAT = dwarf;
				ENABLE_STRICT_OBJC_MSGSEND = YES;
				ENABLE_TESTABILITY = YES;
				ENABLE_USER_SCRIPT_SANDBOXING = YES;
				GCC_C_LANGUAGE_STANDARD = gnu17;
				GCC_DYNAMIC_NO_PIC = NO;
				GCC_NO_COMMON_BLOCKS = YES;
				GCC_OPTIMIZATION_LEVEL = 0;
				GCC_PREPROCESSOR_DEFINITIONS = (
					"DEBUG=1",
					"$(inherited)",
				);
				GCC_WARN_64_TO_32_BIT_CONVERSION = YES;
				GCC_WARN_ABOUT_RETURN_TYPE = YES_ERROR;
				GCC_WARN_UNDECLARED_SELECTOR = YES;
				GCC_WARN_UNINITIALIZED_AUTOS = YES_AGGRESSIVE;
				GCC_WARN_UNUSED_FUNCTION = YES;
				GCC_WARN_UNUSED_VARIABLE = YES;
				IPHONEOS_DEPLOYMENT_TARGET = 18.2;
				LOCALIZATION_PREFERS_STRING_CATALOGS = YES;
				MTL_ENABLE_DEBUG_INFO = INCLUDE_SOURCE;
				MTL_FAST_MATH = YES;
				ONLY_ACTIVE_ARCH = YES;
				SDKROOT = iphoneos;
				SWIFT_ACTIVE_COMPILATION_CONDITIONS = "DEBUG $(inherited)";
				SWIFT_OPTIMIZATION_LEVEL = "-Onone";
			};
			name = Debug;
		};
		708CAEA62DA3A08D00062906 /* Release */ = {
			isa = XCBuildConfiguration;
			buildSettings = {
				ALWAYS_SEARCH_USER_PATHS = NO;
				ASSETCATALOG_COMPILER_GENERATE_SWIFT_ASSET_SYMBOL_EXTENSIONS = YES;
				CLANG_ANALYZER_NONNULL = YES;
				CLANG_ANALYZER_NUMBER_OBJECT_CONVERSION = YES_AGGRESSIVE;
				CLANG_CXX_LANGUAGE_STANDARD = "gnu++20";
				CLANG_ENABLE_MODULES = YES;
				CLANG_ENABLE_OBJC_ARC = YES;
				CLANG_ENABLE_OBJC_WEAK = YES;
				CLANG_WARN_BLOCK_CAPTURE_AUTORELEASING = YES;
				CLANG_WARN_BOOL_CONVERSION = YES;
				CLANG_WARN_COMMA = YES;
				CLANG_WARN_CONSTANT_CONVERSION = YES;
				CLANG_WARN_DEPRECATED_OBJC_IMPLEMENTATIONS = YES;
				CLANG_WARN_DIRECT_OBJC_ISA_USAGE = YES_ERROR;
				CLANG_WARN_DOCUMENTATION_COMMENTS = YES;
				CLANG_WARN_EMPTY_BODY = YES;
				CLANG_WARN_ENUM_CONVERSION = YES;
				CLANG_WARN_INFINITE_RECURSION = YES;
				CLANG_WARN_INT_CONVERSION = YES;
				CLANG_WARN_NON_LITERAL_NULL_CONVERSION = YES;
				CLANG_WARN_OBJC_IMPLICIT_RETAIN_SELF = YES;
				CLANG_WARN_OBJC_LITERAL_CONVERSION = YES;
				CLANG_WARN_OBJC_ROOT_CLASS = YES_ERROR;
				CLANG_WARN_QUOTED_INCLUDE_IN_FRAMEWORK_HEADER = YES;
				CLANG_WARN_RANGE_LOOP_ANALYSIS = YES;
				CLANG_WARN_STRICT_PROTOTYPES = YES;
				CLANG_WARN_SUSPICIOUS_MOVE = YES;
				CLANG_WARN_UNGUARDED_AVAILABILITY = YES_AGGRESSIVE;
				CLANG_WARN_UNREACHABLE_CODE = YES;
				CLANG_WARN__DUPLICATE_METHOD_MATCH = YES;
				COPY_PHASE_STRIP = NO;
				DEBUG_INFORMATION_FORMAT = "dwarf-with-dsym";
				ENABLE_NS_ASSERTIONS = NO;
				ENABLE_STRICT_OBJC_MSGSEND = YES;
				ENABLE_USER_SCRIPT_SANDBOXING = YES;
				GCC_C_LANGUAGE_STANDARD = gnu17;
				GCC_NO_COMMON_BLOCKS = YES;
				GCC_WARN_64_TO_32_BIT_CONVERSION = YES;
				GCC_WARN_ABOUT_RETURN_TYPE = YES_ERROR;
				GCC_WARN_UNDECLARED_SELECTOR = YES;
				GCC_WARN_UNINITIALIZED_AUTOS = YES_AGGRESSIVE;
				GCC_WARN_UNUSED_FUNCTION = YES;
				GCC_WARN_UNUSED_VARIABLE = YES;
				IPHONEOS_DEPLOYMENT_TARGET = 18.2;
				LOCALIZATION_PREFERS_STRING_CATALOGS = YES;
				MTL_ENABLE_DEBUG_INFO = NO;
				MTL_FAST_MATH = YES;
				SDKROOT = iphoneos;
				SWIFT_COMPILATION_MODE = wholemodule;
				VALIDATE_PRODUCT = YES;
			};
			name = Release;
		};
		708CAEA82DA3A08D00062906 /* Debug */ = {
			isa = XCBuildConfiguration;
			baseConfigurationReference = FF7E8D92DD69E98F2EE53911 /* Pods-Better-IMDBTests.debug.xcconfig */;
			buildSettings = {
				BUNDLE_LOADER = "$(TEST_HOST)";
				CODE_SIGN_STYLE = Automatic;
				CURRENT_PROJECT_VERSION = 1;
				DEVELOPMENT_TEAM = HGYNZXM7W6;
				ENABLE_USER_SCRIPT_SANDBOXING = NO;
				GENERATE_INFOPLIST_FILE = YES;
				IPHONEOS_DEPLOYMENT_TARGET = 18.2;
				MARKETING_VERSION = 1.0;
				PRODUCT_BUNDLE_IDENTIFIER = "com.dbug.Better-IMDBTests";
				PRODUCT_NAME = "$(TARGET_NAME)";
				SWIFT_EMIT_LOC_STRINGS = NO;
				SWIFT_VERSION = 5.0;
				TARGETED_DEVICE_FAMILY = "1,2";
				TEST_HOST = "$(BUILT_PRODUCTS_DIR)/Better-IMDB.app/$(BUNDLE_EXECUTABLE_FOLDER_PATH)/Better-IMDB";
			};
			name = Debug;
		};
		708CAEA92DA3A08D00062906 /* Release */ = {
			isa = XCBuildConfiguration;
			baseConfigurationReference = 8925B360A557176EFF5ED914 /* Pods-Better-IMDBTests.release.xcconfig */;
			buildSettings = {
				BUNDLE_LOADER = "$(TEST_HOST)";
				CODE_SIGN_STYLE = Automatic;
				CURRENT_PROJECT_VERSION = 1;
				DEVELOPMENT_TEAM = HGYNZXM7W6;
				ENABLE_USER_SCRIPT_SANDBOXING = NO;
				GENERATE_INFOPLIST_FILE = YES;
				IPHONEOS_DEPLOYMENT_TARGET = 18.2;
				MARKETING_VERSION = 1.0;
				PRODUCT_BUNDLE_IDENTIFIER = "com.dbug.Better-IMDBTests";
				PRODUCT_NAME = "$(TARGET_NAME)";
				SWIFT_EMIT_LOC_STRINGS = NO;
				SWIFT_VERSION = 5.0;
				TARGETED_DEVICE_FAMILY = "1,2";
				TEST_HOST = "$(BUILT_PRODUCTS_DIR)/Better-IMDB.app/$(BUNDLE_EXECUTABLE_FOLDER_PATH)/Better-IMDB";
			};
			name = Release;
		};
/* End XCBuildConfiguration section */

/* Begin XCConfigurationList section */
		708CAE742DA3A08A00062906 /* Build configuration list for PBXProject "Better-IMDB" */ = {
			isa = XCConfigurationList;
			buildConfigurations = (
				708CAEA52DA3A08D00062906 /* Debug */,
				708CAEA62DA3A08D00062906 /* Release */,
			);
			defaultConfigurationIsVisible = 0;
			defaultConfigurationName = Release;
		};
		708CAEA22DA3A08D00062906 /* Build configuration list for PBXNativeTarget "Better-IMDB" */ = {
			isa = XCConfigurationList;
			buildConfigurations = (
				708CAEA32DA3A08D00062906 /* Debug */,
				708CAEA42DA3A08D00062906 /* Release */,
			);
			defaultConfigurationIsVisible = 0;
			defaultConfigurationName = Release;
		};
		708CAEA72DA3A08D00062906 /* Build configuration list for PBXNativeTarget "Better-IMDBTests" */ = {
			isa = XCConfigurationList;
			buildConfigurations = (
				708CAEA82DA3A08D00062906 /* Debug */,
				708CAEA92DA3A08D00062906 /* Release */,
			);
			defaultConfigurationIsVisible = 0;
			defaultConfigurationName = Release;
		};
/* End XCConfigurationList section */

/* Begin XCRemoteSwiftPackageReference section */
		704A69832DA3C3F3001E249C /* XCRemoteSwiftPackageReference "RxSwift" */ = {
			isa = XCRemoteSwiftPackageReference;
			repositoryURL = "https://github.com/ReactiveX/RxSwift.git";
			requirement = {
				kind = upToNextMajorVersion;
				minimumVersion = 6.9.0;
			};
		};
		704A69C82DA41769001E249C /* XCRemoteSwiftPackageReference "Quick" */ = {
			isa = XCRemoteSwiftPackageReference;
			repositoryURL = "https://github.com/Quick/Quick.git";
			requirement = {
				branch = main;
				kind = branch;
			};
		};
		704A69CD2DA41783001E249C /* XCRemoteSwiftPackageReference "Nimble" */ = {
			isa = XCRemoteSwiftPackageReference;
			repositoryURL = "https://github.com/Quick/Nimble.git";
			requirement = {
				branch = main;
				kind = branch;
			};
		};
/* End XCRemoteSwiftPackageReference section */

/* Begin XCSwiftPackageProductDependency section */
		704A69842DA3C3F3001E249C /* RxCocoa */ = {
			isa = XCSwiftPackageProductDependency;
			package = 704A69832DA3C3F3001E249C /* XCRemoteSwiftPackageReference "RxSwift" */;
			productName = RxCocoa;
		};
		704A69862DA3C3F3001E249C /* RxSwift */ = {
			isa = XCSwiftPackageProductDependency;
			package = 704A69832DA3C3F3001E249C /* XCRemoteSwiftPackageReference "RxSwift" */;
			productName = RxSwift;
		};
		704A69882DA3C3F3001E249C /* RxTest */ = {
			isa = XCSwiftPackageProductDependency;
			package = 704A69832DA3C3F3001E249C /* XCRemoteSwiftPackageReference "RxSwift" */;
			productName = RxTest;
		};
		704A69C92DA41769001E249C /* Quick */ = {
			isa = XCSwiftPackageProductDependency;
			package = 704A69C82DA41769001E249C /* XCRemoteSwiftPackageReference "Quick" */;
			productName = Quick;
		};
		704A69CB2DA41769001E249C /* QuickLint */ = {
			isa = XCSwiftPackageProductDependency;
			package = 704A69C82DA41769001E249C /* XCRemoteSwiftPackageReference "Quick" */;
			productName = QuickLint;
		};
		704A69CE2DA41783001E249C /* Nimble */ = {
			isa = XCSwiftPackageProductDependency;
			package = 704A69CD2DA41783001E249C /* XCRemoteSwiftPackageReference "Nimble" */;
			productName = Nimble;
		};
/* End XCSwiftPackageProductDependency section */
	};
	rootObject = 708CAE712DA3A08A00062906 /* Project object */;
}
