// !$*UTF8*$!
{
	archiveVersion = 1;
	classes = {
	};
	objectVersion = 77;
	objects = {

/* Begin PBXBuildFile section */
		17730661B641CC9BF53710AB /* Pods_Better_IMDB.framework in Frameworks */ = {isa = PBXBuildFile; fileRef = AB91C3D4D8C68C26E2724003 /* Pods_Better_IMDB.framework */; };
		700CB5B32DA8749A00BFCDEB /* ListCollectionView.swift in Sources */ = {isa = PBXBuildFile; fileRef = 700CB5B22DA8749500BFCDEB /* ListCollectionView.swift */; };
		700CB5B72DA8751800BFCDEB /* ListCollectionViewCell.swift in Sources */ = {isa = PBXBuildFile; fileRef = 700CB5B62DA8751300BFCDEB /* ListCollectionViewCell.swift */; };
		701298252DAA657600576ED3 /* MovieDetailViewController.swift in Sources */ = {isa = PBXBuildFile; fileRef = 701298242DAA657600576ED3 /* MovieDetailViewController.swift */; };
		701298272DAA658F00576ED3 /* MovieDetailViewModel.swift in Sources */ = {isa = PBXBuildFile; fileRef = 701298262DAA658700576ED3 /* MovieDetailViewModel.swift */; };
		701298292DAA8E8A00576ED3 /* MovieDetailViewModelSpec.swift in Sources */ = {isa = PBXBuildFile; fileRef = 701298282DAA8E8300576ED3 /* MovieDetailViewModelSpec.swift */; };
		7012982B2DAA914C00576ED3 /* MovieDetail.swift in Sources */ = {isa = PBXBuildFile; fileRef = 7012982A2DAA914C00576ED3 /* MovieDetail.swift */; };
		7012982D2DAA9BAB00576ED3 /* MovieDetailService.swift in Sources */ = {isa = PBXBuildFile; fileRef = 7012982C2DAA9BA500576ED3 /* MovieDetailService.swift */; };
		7012982F2DAA9C1B00576ED3 /* MovieDetailRequest.swift in Sources */ = {isa = PBXBuildFile; fileRef = 7012982E2DAA9C0F00576ED3 /* MovieDetailRequest.swift */; };
		701306A62DAC4DA800B900C5 /* BookmarkListCollectionView.swift in Sources */ = {isa = PBXBuildFile; fileRef = 701306A42DAC4DA800B900C5 /* BookmarkListCollectionView.swift */; };
		701306A72DAC4DA800B900C5 /* BookmarkListCollectionViewCell.swift in Sources */ = {isa = PBXBuildFile; fileRef = 701306A32DAC4DA800B900C5 /* BookmarkListCollectionViewCell.swift */; };
		7016344F2DA55AA50066D373 /* TMDBService.swift in Sources */ = {isa = PBXBuildFile; fileRef = 7016344E2DA55AA50066D373 /* TMDBService.swift */; };
		701DABC02DA69AB1008625CA /* UIImage+Ext.swift in Sources */ = {isa = PBXBuildFile; fileRef = 701DABBF2DA69AAA008625CA /* UIImage+Ext.swift */; };
		701DABC32DA69AF1008625CA /* Nuke in Frameworks */ = {isa = PBXBuildFile; productRef = 701DABC22DA69AF1008625CA /* Nuke */; };
		701DABC52DA69AF1008625CA /* NukeExtensions in Frameworks */ = {isa = PBXBuildFile; productRef = 701DABC42DA69AF1008625CA /* NukeExtensions */; };
		701DABC72DA69B08008625CA /* UIImageView+Ext.swift in Sources */ = {isa = PBXBuildFile; fileRef = 701DABC62DA69B03008625CA /* UIImageView+Ext.swift */; };
		701E87322DA7B2E7000DBF15 /* HomeCollectionView.swift in Sources */ = {isa = PBXBuildFile; fileRef = 701E872F2DA7B2E7000DBF15 /* HomeCollectionView.swift */; };
		701E87332DA7B2E7000DBF15 /* HomeCollectionViewCell.swift in Sources */ = {isa = PBXBuildFile; fileRef = 701E87302DA7B2E7000DBF15 /* HomeCollectionViewCell.swift */; };
		701E87342DA7B2E7000DBF15 /* MultiplePosterView.swift in Sources */ = {isa = PBXBuildFile; fileRef = 701E87312DA7B2E7000DBF15 /* MultiplePosterView.swift */; };
		701E87372DA7B31A000DBF15 /* ListViewController.swift in Sources */ = {isa = PBXBuildFile; fileRef = 701E87362DA7B313000DBF15 /* ListViewController.swift */; };
		701E87392DA7B705000DBF15 /* HomeCoordinator.swift in Sources */ = {isa = PBXBuildFile; fileRef = 701E87382DA7B705000DBF15 /* HomeCoordinator.swift */; };
		704712712DC15CB80018D554 /* DependencyContainer.swift in Sources */ = {isa = PBXBuildFile; fileRef = 704712702DC15CB50018D554 /* DependencyContainer.swift */; };
		704A69852DA3C3F3001E249C /* RxCocoa in Frameworks */ = {isa = PBXBuildFile; productRef = 704A69842DA3C3F3001E249C /* RxCocoa */; };
		704A69872DA3C3F3001E249C /* RxSwift in Frameworks */ = {isa = PBXBuildFile; productRef = 704A69862DA3C3F3001E249C /* RxSwift */; };
		704A69892DA3C3F3001E249C /* RxTest in Frameworks */ = {isa = PBXBuildFile; productRef = 704A69882DA3C3F3001E249C /* RxTest */; };
		704A698C2DA3DB6D001E249C /* APIRequest.swift in Sources */ = {isa = PBXBuildFile; fileRef = 704A698B2DA3DB6D001E249C /* APIRequest.swift */; };
		704A698E2DA3DC83001E249C /* APIClient.swift in Sources */ = {isa = PBXBuildFile; fileRef = 704A698D2DA3DC83001E249C /* APIClient.swift */; };
		704A69902DA3E07F001E249C /* TMDBAPI.swift in Sources */ = {isa = PBXBuildFile; fileRef = 704A698F2DA3E07F001E249C /* TMDBAPI.swift */; };
		704A69932DA3E0E0001E249C /* TMDBRequest.swift in Sources */ = {isa = PBXBuildFile; fileRef = 704A69922DA3E0D2001E249C /* TMDBRequest.swift */; };
		704A69CA2DA41769001E249C /* Quick in Frameworks */ = {isa = PBXBuildFile; productRef = 704A69C92DA41769001E249C /* Quick */; };
		704A69CC2DA41769001E249C /* QuickLint in Frameworks */ = {isa = PBXBuildFile; productRef = 704A69CB2DA41769001E249C /* QuickLint */; };
		704A69CF2DA41783001E249C /* Nimble in Frameworks */ = {isa = PBXBuildFile; productRef = 704A69CE2DA41783001E249C /* Nimble */; };
		704F5DEA2DAAEC3E005FA9FA /* ValueLabelPair.swift in Sources */ = {isa = PBXBuildFile; fileRef = 704F5DE92DAAEC3E005FA9FA /* ValueLabelPair.swift */; };
		70733A7F2DA5C3E6006D0DA8 /* BITabItem.swift in Sources */ = {isa = PBXBuildFile; fileRef = 70733A7E2DA5C3C3006D0DA8 /* BITabItem.swift */; };
		70733A812DA5C6C4006D0DA8 /* BIItemView.swift in Sources */ = {isa = PBXBuildFile; fileRef = 70733A802DA5C6C4006D0DA8 /* BIItemView.swift */; };
		70733A872DA5C99E006D0DA8 /* RxGesture in Frameworks */ = {isa = PBXBuildFile; productRef = 70733A862DA5C99E006D0DA8 /* RxGesture */; };
		70733A892DA5C9C9006D0DA8 /* BITabBar.swift in Sources */ = {isa = PBXBuildFile; fileRef = 70733A882DA5C9C9006D0DA8 /* BITabBar.swift */; };
		70733A8C2DA5CAE9006D0DA8 /* UIView+Ext.swift in Sources */ = {isa = PBXBuildFile; fileRef = 70733A8B2DA5CAE5006D0DA8 /* UIView+Ext.swift */; };
		70733A8E2DA5CB17006D0DA8 /* BITabBarController.swift in Sources */ = {isa = PBXBuildFile; fileRef = 70733A8D2DA5CB17006D0DA8 /* BITabBarController.swift */; };
		707F70F82DAC3292003BDE12 /* MoviePresistence.swift in Sources */ = {isa = PBXBuildFile; fileRef = 707F70F72DAC327A003BDE12 /* MoviePresistence.swift */; };
		708A579F2DC26C200000D013 /* DependencyError.swift in Sources */ = {isa = PBXBuildFile; fileRef = 708A579E2DC26C200000D013 /* DependencyError.swift */; };
		708CAECA2DA3A13B00062906 /* AppCoordinator.swift in Sources */ = {isa = PBXBuildFile; fileRef = 708CAEBA2DA3A13B00062906 /* AppCoordinator.swift */; };
		708CAECB2DA3A13B00062906 /* Coordinator.swift in Sources */ = {isa = PBXBuildFile; fileRef = 708CAEBB2DA3A13B00062906 /* Coordinator.swift */; };
		708CAECD2DA3A13B00062906 /* AppDelegate.swift in Sources */ = {isa = PBXBuildFile; fileRef = 708CAEBE2DA3A13B00062906 /* AppDelegate.swift */; };
		708CAECE2DA3A13B00062906 /* TMDB.swift in Sources */ = {isa = PBXBuildFile; fileRef = 708CAEC02DA3A13B00062906 /* TMDB.swift */; };
		708CAECF2DA3A13B00062906 /* HomeViewController.swift in Sources */ = {isa = PBXBuildFile; fileRef = 708CAEC82DA3A13B00062906 /* HomeViewController.swift */; };
		708CAED02DA3A13B00062906 /* Assets.xcassets in Resources */ = {isa = PBXBuildFile; fileRef = 708CAEC22DA3A13B00062906 /* Assets.xcassets */; };
		708CAED22DA3A13B00062906 /* LaunchScreen.storyboard in Resources */ = {isa = PBXBuildFile; fileRef = 708CAEC52DA3A13B00062906 /* LaunchScreen.storyboard */; };
		708CAED32DA3A13B00062906 /* Main.storyboard in Resources */ = {isa = PBXBuildFile; fileRef = 708CAEC72DA3A13B00062906 /* Main.storyboard */; };
		708CAED62DA3A14000062906 /* Better_IMDBTests.swift in Sources */ = {isa = PBXBuildFile; fileRef = 708CAED42DA3A14000062906 /* Better_IMDBTests.swift */; };
		708CAEE12DA3A3AE00062906 /* HomeViewModel.swift in Sources */ = {isa = PBXBuildFile; fileRef = 708CAEE02DA3A3AB00062906 /* HomeViewModel.swift */; };
		70929C222DA7EA42008DB6AC /* TabBarCoordinator.swift in Sources */ = {isa = PBXBuildFile; fileRef = 70929C212DA7EA42008DB6AC /* TabBarCoordinator.swift */; };
		70929C272DA7F464008DB6AC /* BookmarkViewModel.swift in Sources */ = {isa = PBXBuildFile; fileRef = 70929C242DA7F464008DB6AC /* BookmarkViewModel.swift */; };
		70929C282DA7F464008DB6AC /* BookmarkViewController.swift in Sources */ = {isa = PBXBuildFile; fileRef = 70929C252DA7F464008DB6AC /* BookmarkViewController.swift */; };
		70929C2A2DA7F4AB008DB6AC /* BookmarkCoordinator.swift in Sources */ = {isa = PBXBuildFile; fileRef = 70929C292DA7F4AB008DB6AC /* BookmarkCoordinator.swift */; };
		709A1E5E2DBAED5500AA281C /* CollectionView.swift in Sources */ = {isa = PBXBuildFile; fileRef = 709A1E5D2DBAED5500AA281C /* CollectionView.swift */; };
		709A1E602DBAEF4E00AA281C /* HomeLayoutProvider.swift in Sources */ = {isa = PBXBuildFile; fileRef = 709A1E5F2DBAEF4E00AA281C /* HomeLayoutProvider.swift */; };
		709A1E662DBAFD3C00AA281C /* BookmarkLayoutProvider.swift in Sources */ = {isa = PBXBuildFile; fileRef = 709A1E652DBAFD2B00AA281C /* BookmarkLayoutProvider.swift */; };
		709A1E682DBB017E00AA281C /* ListLayoutProvider.swift in Sources */ = {isa = PBXBuildFile; fileRef = 709A1E672DBB017700AA281C /* ListLayoutProvider.swift */; };
		709A1E6C2DBB88FE00AA281C /* CollectionViewController.swift in Sources */ = {isa = PBXBuildFile; fileRef = 709A1E6B2DBB88FA00AA281C /* CollectionViewController.swift */; };
		70ACD1922DA9C41A003BB2C0 /* ListViewModel.swift in Sources */ = {isa = PBXBuildFile; fileRef = 70ACD1912DA9C415003BB2C0 /* ListViewModel.swift */; };
		70ACD1A82DA9E446003BB2C0 /* ListViewModelSpec.swift in Sources */ = {isa = PBXBuildFile; fileRef = 70ACD1A72DA9E3D9003BB2C0 /* ListViewModelSpec.swift */; };
		70CF2D642DB8CFFD00FFF6D0 /* ViewModel.swift in Sources */ = {isa = PBXBuildFile; fileRef = 70CF2D632DB8CFF500FFF6D0 /* ViewModel.swift */; };
		70CF2D662DB8EDEA00FFF6D0 /* ViewController.swift in Sources */ = {isa = PBXBuildFile; fileRef = 70CF2D652DB8EDE400FFF6D0 /* ViewController.swift */; };
		70D92C3A2DB6281800F1683E /* MovieSection.swift in Sources */ = {isa = PBXBuildFile; fileRef = 70D92C392DB6281800F1683E /* MovieSection.swift */; };
		70E55D882DC0D46200E95249 /* TMDBError.swift in Sources */ = {isa = PBXBuildFile; fileRef = 70E55D872DC0D46200E95249 /* TMDBError.swift */; };
		70F1C7A02DBE02B20068F04B /* Mock.generated.swift in Sources */ = {isa = PBXBuildFile; fileRef = 70F1C79E2DBE02B20068F04B /* Mock.generated.swift */; };
		70F1C7A22DBE032D0068F04B /* HomeViewModelSpec.swift in Sources */ = {isa = PBXBuildFile; fileRef = 70F1C7A12DBE03260068F04B /* HomeViewModelSpec.swift */; };
		70F5FD002DAC7988007BC08F /* MoviePersistenceSpec.swift in Sources */ = {isa = PBXBuildFile; fileRef = 70F5FCFF2DAC7988007BC08F /* MoviePersistenceSpec.swift */; };
		AC754E4D3DAD4262C3046546 /* Pods_Better_IMDBTests.framework in Frameworks */ = {isa = PBXBuildFile; fileRef = 13F025B7978F553D2B6EBCFA /* Pods_Better_IMDBTests.framework */; };
/* End PBXBuildFile section */

/* Begin PBXContainerItemProxy section */
		708CAE902DA3A08D00062906 /* PBXContainerItemProxy */ = {
			isa = PBXContainerItemProxy;
			containerPortal = 708CAE712DA3A08A00062906 /* Project object */;
			proxyType = 1;
			remoteGlobalIDString = 708CAE782DA3A08A00062906;
			remoteInfo = "Better-IMDB";
		};
/* End PBXContainerItemProxy section */

/* Begin PBXFileReference section */
		0F2D2C67D89CEBEEEA4ECD32 /* Pods-Better-IMDB.debug.xcconfig */ = {isa = PBXFileReference; includeInIndex = 1; lastKnownFileType = text.xcconfig; name = "Pods-Better-IMDB.debug.xcconfig"; path = "Target Support Files/Pods-Better-IMDB/Pods-Better-IMDB.debug.xcconfig"; sourceTree = "<group>"; };
		13F025B7978F553D2B6EBCFA /* Pods_Better_IMDBTests.framework */ = {isa = PBXFileReference; explicitFileType = wrapper.framework; includeInIndex = 0; path = Pods_Better_IMDBTests.framework; sourceTree = BUILT_PRODUCTS_DIR; };
		34861AF15C2722E75DB83D7D /* Pods-Better-IMDBTests.debug.xcconfig */ = {isa = PBXFileReference; includeInIndex = 1; lastKnownFileType = text.xcconfig; name = "Pods-Better-IMDBTests.debug.xcconfig"; path = "Target Support Files/Pods-Better-IMDBTests/Pods-Better-IMDBTests.debug.xcconfig"; sourceTree = "<group>"; };
		700CB5B22DA8749500BFCDEB /* ListCollectionView.swift */ = {isa = PBXFileReference; lastKnownFileType = sourcecode.swift; path = ListCollectionView.swift; sourceTree = "<group>"; };
		700CB5B62DA8751300BFCDEB /* ListCollectionViewCell.swift */ = {isa = PBXFileReference; lastKnownFileType = sourcecode.swift; path = ListCollectionViewCell.swift; sourceTree = "<group>"; };
		701298242DAA657600576ED3 /* MovieDetailViewController.swift */ = {isa = PBXFileReference; lastKnownFileType = sourcecode.swift; path = MovieDetailViewController.swift; sourceTree = "<group>"; };
		701298262DAA658700576ED3 /* MovieDetailViewModel.swift */ = {isa = PBXFileReference; lastKnownFileType = sourcecode.swift; path = MovieDetailViewModel.swift; sourceTree = "<group>"; };
		701298282DAA8E8300576ED3 /* MovieDetailViewModelSpec.swift */ = {isa = PBXFileReference; lastKnownFileType = sourcecode.swift; path = MovieDetailViewModelSpec.swift; sourceTree = "<group>"; };
		7012982A2DAA914C00576ED3 /* MovieDetail.swift */ = {isa = PBXFileReference; lastKnownFileType = sourcecode.swift; path = MovieDetail.swift; sourceTree = "<group>"; };
		7012982C2DAA9BA500576ED3 /* MovieDetailService.swift */ = {isa = PBXFileReference; lastKnownFileType = sourcecode.swift; path = MovieDetailService.swift; sourceTree = "<group>"; };
		7012982E2DAA9C0F00576ED3 /* MovieDetailRequest.swift */ = {isa = PBXFileReference; lastKnownFileType = sourcecode.swift; path = MovieDetailRequest.swift; sourceTree = "<group>"; };
		701306A32DAC4DA800B900C5 /* BookmarkListCollectionViewCell.swift */ = {isa = PBXFileReference; lastKnownFileType = sourcecode.swift; path = BookmarkListCollectionViewCell.swift; sourceTree = "<group>"; };
		701306A42DAC4DA800B900C5 /* BookmarkListCollectionView.swift */ = {isa = PBXFileReference; lastKnownFileType = sourcecode.swift; path = BookmarkListCollectionView.swift; sourceTree = "<group>"; };
		7016344E2DA55AA50066D373 /* TMDBService.swift */ = {isa = PBXFileReference; lastKnownFileType = sourcecode.swift; path = TMDBService.swift; sourceTree = "<group>"; };
		701DABBF2DA69AAA008625CA /* UIImage+Ext.swift */ = {isa = PBXFileReference; lastKnownFileType = sourcecode.swift; path = "UIImage+Ext.swift"; sourceTree = "<group>"; };
		701DABC62DA69B03008625CA /* UIImageView+Ext.swift */ = {isa = PBXFileReference; lastKnownFileType = sourcecode.swift; path = "UIImageView+Ext.swift"; sourceTree = "<group>"; };
		701E872F2DA7B2E7000DBF15 /* HomeCollectionView.swift */ = {isa = PBXFileReference; lastKnownFileType = sourcecode.swift; path = HomeCollectionView.swift; sourceTree = "<group>"; };
		701E87302DA7B2E7000DBF15 /* HomeCollectionViewCell.swift */ = {isa = PBXFileReference; lastKnownFileType = sourcecode.swift; path = HomeCollectionViewCell.swift; sourceTree = "<group>"; };
		701E87312DA7B2E7000DBF15 /* MultiplePosterView.swift */ = {isa = PBXFileReference; lastKnownFileType = sourcecode.swift; path = MultiplePosterView.swift; sourceTree = "<group>"; };
		701E87362DA7B313000DBF15 /* ListViewController.swift */ = {isa = PBXFileReference; lastKnownFileType = sourcecode.swift; path = ListViewController.swift; sourceTree = "<group>"; };
		701E87382DA7B705000DBF15 /* HomeCoordinator.swift */ = {isa = PBXFileReference; lastKnownFileType = sourcecode.swift; path = HomeCoordinator.swift; sourceTree = "<group>"; };
		704712702DC15CB50018D554 /* DependencyContainer.swift */ = {isa = PBXFileReference; lastKnownFileType = sourcecode.swift; path = DependencyContainer.swift; sourceTree = "<group>"; };
		704A698B2DA3DB6D001E249C /* APIRequest.swift */ = {isa = PBXFileReference; lastKnownFileType = sourcecode.swift; path = APIRequest.swift; sourceTree = "<group>"; };
		704A698D2DA3DC83001E249C /* APIClient.swift */ = {isa = PBXFileReference; lastKnownFileType = sourcecode.swift; path = APIClient.swift; sourceTree = "<group>"; };
		704A698F2DA3E07F001E249C /* TMDBAPI.swift */ = {isa = PBXFileReference; lastKnownFileType = sourcecode.swift; path = TMDBAPI.swift; sourceTree = "<group>"; };
		704A69922DA3E0D2001E249C /* TMDBRequest.swift */ = {isa = PBXFileReference; lastKnownFileType = sourcecode.swift; path = TMDBRequest.swift; sourceTree = "<group>"; };
		704A69942DA41644001E249C /* Better-IMDB.xctestplan */ = {isa = PBXFileReference; lastKnownFileType = text; path = "Better-IMDB.xctestplan"; sourceTree = "<group>"; };
		704F5DE92DAAEC3E005FA9FA /* ValueLabelPair.swift */ = {isa = PBXFileReference; lastKnownFileType = sourcecode.swift; path = ValueLabelPair.swift; sourceTree = "<group>"; };
		70733A7E2DA5C3C3006D0DA8 /* BITabItem.swift */ = {isa = PBXFileReference; lastKnownFileType = sourcecode.swift; path = BITabItem.swift; sourceTree = "<group>"; };
		70733A802DA5C6C4006D0DA8 /* BIItemView.swift */ = {isa = PBXFileReference; lastKnownFileType = sourcecode.swift; path = BIItemView.swift; sourceTree = "<group>"; };
		70733A882DA5C9C9006D0DA8 /* BITabBar.swift */ = {isa = PBXFileReference; lastKnownFileType = sourcecode.swift; path = BITabBar.swift; sourceTree = "<group>"; };
		70733A8B2DA5CAE5006D0DA8 /* UIView+Ext.swift */ = {isa = PBXFileReference; lastKnownFileType = sourcecode.swift; path = "UIView+Ext.swift"; sourceTree = "<group>"; };
		70733A8D2DA5CB17006D0DA8 /* BITabBarController.swift */ = {isa = PBXFileReference; lastKnownFileType = sourcecode.swift; path = BITabBarController.swift; sourceTree = "<group>"; };
		707F70F72DAC327A003BDE12 /* MoviePresistence.swift */ = {isa = PBXFileReference; lastKnownFileType = sourcecode.swift; path = MoviePresistence.swift; sourceTree = "<group>"; };
		708A579E2DC26C200000D013 /* DependencyError.swift */ = {isa = PBXFileReference; lastKnownFileType = sourcecode.swift; path = DependencyError.swift; sourceTree = "<group>"; };
		708CAE792DA3A08A00062906 /* Better-IMDB.app */ = {isa = PBXFileReference; explicitFileType = wrapper.application; includeInIndex = 0; path = "Better-IMDB.app"; sourceTree = BUILT_PRODUCTS_DIR; };
		708CAE8F2DA3A08D00062906 /* Better-IMDBTests.xctest */ = {isa = PBXFileReference; explicitFileType = wrapper.cfbundle; includeInIndex = 0; path = "Better-IMDBTests.xctest"; sourceTree = BUILT_PRODUCTS_DIR; };
		708CAEBA2DA3A13B00062906 /* AppCoordinator.swift */ = {isa = PBXFileReference; lastKnownFileType = sourcecode.swift; path = AppCoordinator.swift; sourceTree = "<group>"; };
		708CAEBB2DA3A13B00062906 /* Coordinator.swift */ = {isa = PBXFileReference; lastKnownFileType = sourcecode.swift; path = Coordinator.swift; sourceTree = "<group>"; };
		708CAEBE2DA3A13B00062906 /* AppDelegate.swift */ = {isa = PBXFileReference; lastKnownFileType = sourcecode.swift; path = AppDelegate.swift; sourceTree = "<group>"; };
		708CAEC02DA3A13B00062906 /* TMDB.swift */ = {isa = PBXFileReference; lastKnownFileType = sourcecode.swift; path = TMDB.swift; sourceTree = "<group>"; };
		708CAEC22DA3A13B00062906 /* Assets.xcassets */ = {isa = PBXFileReference; lastKnownFileType = folder.assetcatalog; path = Assets.xcassets; sourceTree = "<group>"; };
		708CAEC32DA3A13B00062906 /* Info.plist */ = {isa = PBXFileReference; lastKnownFileType = text.plist.xml; path = Info.plist; sourceTree = "<group>"; };
		708CAEC42DA3A13B00062906 /* Base */ = {isa = PBXFileReference; lastKnownFileType = file.storyboard; name = Base; path = Base.lproj/LaunchScreen.storyboard; sourceTree = "<group>"; };
		708CAEC62DA3A13B00062906 /* Base */ = {isa = PBXFileReference; lastKnownFileType = file.storyboard; name = Base; path = Base.lproj/Main.storyboard; sourceTree = "<group>"; };
		708CAEC82DA3A13B00062906 /* HomeViewController.swift */ = {isa = PBXFileReference; lastKnownFileType = sourcecode.swift; path = HomeViewController.swift; sourceTree = "<group>"; };
		708CAED42DA3A14000062906 /* Better_IMDBTests.swift */ = {isa = PBXFileReference; lastKnownFileType = sourcecode.swift; path = Better_IMDBTests.swift; sourceTree = "<group>"; };
		708CAEE02DA3A3AB00062906 /* HomeViewModel.swift */ = {isa = PBXFileReference; lastKnownFileType = sourcecode.swift; path = HomeViewModel.swift; sourceTree = "<group>"; };
		70929C212DA7EA42008DB6AC /* TabBarCoordinator.swift */ = {isa = PBXFileReference; lastKnownFileType = sourcecode.swift; path = TabBarCoordinator.swift; sourceTree = "<group>"; };
		70929C242DA7F464008DB6AC /* BookmarkViewModel.swift */ = {isa = PBXFileReference; lastKnownFileType = sourcecode.swift; path = BookmarkViewModel.swift; sourceTree = "<group>"; };
		70929C252DA7F464008DB6AC /* BookmarkViewController.swift */ = {isa = PBXFileReference; lastKnownFileType = sourcecode.swift; path = BookmarkViewController.swift; sourceTree = "<group>"; };
		70929C292DA7F4AB008DB6AC /* BookmarkCoordinator.swift */ = {isa = PBXFileReference; lastKnownFileType = sourcecode.swift; path = BookmarkCoordinator.swift; sourceTree = "<group>"; };
		709A1E5D2DBAED5500AA281C /* CollectionView.swift */ = {isa = PBXFileReference; lastKnownFileType = sourcecode.swift; path = CollectionView.swift; sourceTree = "<group>"; };
		709A1E5F2DBAEF4E00AA281C /* HomeLayoutProvider.swift */ = {isa = PBXFileReference; lastKnownFileType = sourcecode.swift; path = HomeLayoutProvider.swift; sourceTree = "<group>"; };
		709A1E652DBAFD2B00AA281C /* BookmarkLayoutProvider.swift */ = {isa = PBXFileReference; lastKnownFileType = sourcecode.swift; path = BookmarkLayoutProvider.swift; sourceTree = "<group>"; };
		709A1E672DBB017700AA281C /* ListLayoutProvider.swift */ = {isa = PBXFileReference; lastKnownFileType = sourcecode.swift; path = ListLayoutProvider.swift; sourceTree = "<group>"; };
		709A1E6B2DBB88FA00AA281C /* CollectionViewController.swift */ = {isa = PBXFileReference; lastKnownFileType = sourcecode.swift; path = CollectionViewController.swift; sourceTree = "<group>"; };
		70ACD1912DA9C415003BB2C0 /* ListViewModel.swift */ = {isa = PBXFileReference; lastKnownFileType = sourcecode.swift; path = ListViewModel.swift; sourceTree = "<group>"; };
		70ACD1A72DA9E3D9003BB2C0 /* ListViewModelSpec.swift */ = {isa = PBXFileReference; lastKnownFileType = sourcecode.swift; path = ListViewModelSpec.swift; sourceTree = "<group>"; };
		70CF2D632DB8CFF500FFF6D0 /* ViewModel.swift */ = {isa = PBXFileReference; lastKnownFileType = sourcecode.swift; path = ViewModel.swift; sourceTree = "<group>"; };
		70CF2D652DB8EDE400FFF6D0 /* ViewController.swift */ = {isa = PBXFileReference; lastKnownFileType = sourcecode.swift; path = ViewController.swift; sourceTree = "<group>"; };
		70D92C392DB6281800F1683E /* MovieSection.swift */ = {isa = PBXFileReference; lastKnownFileType = sourcecode.swift; path = MovieSection.swift; sourceTree = "<group>"; };
		70E55D872DC0D46200E95249 /* TMDBError.swift */ = {isa = PBXFileReference; lastKnownFileType = sourcecode.swift; path = TMDBError.swift; sourceTree = "<group>"; };
		70F1C79E2DBE02B20068F04B /* Mock.generated.swift */ = {isa = PBXFileReference; lastKnownFileType = sourcecode.swift; path = Mock.generated.swift; sourceTree = "<group>"; };
		70F1C7A12DBE03260068F04B /* HomeViewModelSpec.swift */ = {isa = PBXFileReference; lastKnownFileType = sourcecode.swift; path = HomeViewModelSpec.swift; sourceTree = "<group>"; };
		70F5FCFF2DAC7988007BC08F /* MoviePersistenceSpec.swift */ = {isa = PBXFileReference; lastKnownFileType = sourcecode.swift; path = MoviePersistenceSpec.swift; sourceTree = "<group>"; };
		7DD607A040444DCBFB39949A /* Pods-Better-IMDBTests.release.xcconfig */ = {isa = PBXFileReference; includeInIndex = 1; lastKnownFileType = text.xcconfig; name = "Pods-Better-IMDBTests.release.xcconfig"; path = "Target Support Files/Pods-Better-IMDBTests/Pods-Better-IMDBTests.release.xcconfig"; sourceTree = "<group>"; };
		AB91C3D4D8C68C26E2724003 /* Pods_Better_IMDB.framework */ = {isa = PBXFileReference; explicitFileType = wrapper.framework; includeInIndex = 0; path = Pods_Better_IMDB.framework; sourceTree = BUILT_PRODUCTS_DIR; };
		F6BEF953FA1AA1BBDC97A443 /* Pods-Better-IMDB.release.xcconfig */ = {isa = PBXFileReference; includeInIndex = 1; lastKnownFileType = text.xcconfig; name = "Pods-Better-IMDB.release.xcconfig"; path = "Target Support Files/Pods-Better-IMDB/Pods-Better-IMDB.release.xcconfig"; sourceTree = "<group>"; };
/* End PBXFileReference section */

/* Begin PBXFrameworksBuildPhase section */
		708CAE762DA3A08A00062906 /* Frameworks */ = {
			isa = PBXFrameworksBuildPhase;
			buildActionMask = 2147483647;
			files = (
				704A69872DA3C3F3001E249C /* RxSwift in Frameworks */,
				701DABC52DA69AF1008625CA /* NukeExtensions in Frameworks */,
				70733A872DA5C99E006D0DA8 /* RxGesture in Frameworks */,
				701DABC32DA69AF1008625CA /* Nuke in Frameworks */,
				704A69852DA3C3F3001E249C /* RxCocoa in Frameworks */,
				17730661B641CC9BF53710AB /* Pods_Better_IMDB.framework in Frameworks */,
			);
			runOnlyForDeploymentPostprocessing = 0;
		};
		708CAE8C2DA3A08D00062906 /* Frameworks */ = {
			isa = PBXFrameworksBuildPhase;
			buildActionMask = 2147483647;
			files = (
				704A69CC2DA41769001E249C /* QuickLint in Frameworks */,
				704A69CF2DA41783001E249C /* Nimble in Frameworks */,
				704A69CA2DA41769001E249C /* Quick in Frameworks */,
				704A69892DA3C3F3001E249C /* RxTest in Frameworks */,
				AC754E4D3DAD4262C3046546 /* Pods_Better_IMDBTests.framework in Frameworks */,
			);
			runOnlyForDeploymentPostprocessing = 0;
		};
/* End PBXFrameworksBuildPhase section */

/* Begin PBXGroup section */
		46DDBD60AF52860EB8973C00 /* Frameworks */ = {
			isa = PBXGroup;
			children = (
				AB91C3D4D8C68C26E2724003 /* Pods_Better_IMDB.framework */,
				13F025B7978F553D2B6EBCFA /* Pods_Better_IMDBTests.framework */,
			);
			name = Frameworks;
			sourceTree = "<group>";
		};
		701306A22DAC4D8000B900C5 /* UI */ = {
			isa = PBXGroup;
			children = (
				709A1E672DBB017700AA281C /* ListLayoutProvider.swift */,
				700CB5B62DA8751300BFCDEB /* ListCollectionViewCell.swift */,
				700CB5B22DA8749500BFCDEB /* ListCollectionView.swift */,
			);
			path = UI;
			sourceTree = "<group>";
		};
		701306A52DAC4DA800B900C5 /* UI */ = {
			isa = PBXGroup;
			children = (
				709A1E652DBAFD2B00AA281C /* BookmarkLayoutProvider.swift */,
				701306A32DAC4DA800B900C5 /* BookmarkListCollectionViewCell.swift */,
				701306A42DAC4DA800B900C5 /* BookmarkListCollectionView.swift */,
			);
			path = UI;
			sourceTree = "<group>";
		};
		701E87352DA7B305000DBF15 /* List */ = {
			isa = PBXGroup;
			children = (
				701306A22DAC4D8000B900C5 /* UI */,
				70ACD1912DA9C415003BB2C0 /* ListViewModel.swift */,
				701E87362DA7B313000DBF15 /* ListViewController.swift */,
			);
			path = List;
			sourceTree = "<group>";
		};
		7047126F2DC15CB00018D554 /* Core */ = {
			isa = PBXGroup;
			children = (
				704712702DC15CB50018D554 /* DependencyContainer.swift */,
			);
			path = Core;
			sourceTree = "<group>";
		};
		704A69912DA3E0CA001E249C /* Request */ = {
			isa = PBXGroup;
			children = (
				7012982E2DAA9C0F00576ED3 /* MovieDetailRequest.swift */,
				704A69922DA3E0D2001E249C /* TMDBRequest.swift */,
				704A698B2DA3DB6D001E249C /* APIRequest.swift */,
			);
			path = Request;
			sourceTree = "<group>";
		};
		704F5DE82DAAEC39005FA9FA /* UI */ = {
			isa = PBXGroup;
			children = (
				704F5DE92DAAEC3E005FA9FA /* ValueLabelPair.swift */,
			);
			path = UI;
			sourceTree = "<group>";
		};
		707F70F62DAC3263003BDE12 /* Persistence */ = {
			isa = PBXGroup;
			children = (
				707F70F72DAC327A003BDE12 /* MoviePresistence.swift */,
			);
			path = Persistence;
			sourceTree = "<group>";
		};
		708CAE702DA3A08A00062906 = {
			isa = PBXGroup;
			children = (
				704A69942DA41644001E249C /* Better-IMDB.xctestplan */,
				708CAEC92DA3A13B00062906 /* Better-IMDB */,
				708CAED52DA3A14000062906 /* Better-IMDBTests */,
				708CAE7A2DA3A08A00062906 /* Products */,
				B1526DBA0B80D9D1B47D55E0 /* Pods */,
				46DDBD60AF52860EB8973C00 /* Frameworks */,
			);
			sourceTree = "<group>";
		};
		708CAE7A2DA3A08A00062906 /* Products */ = {
			isa = PBXGroup;
			children = (
				708CAE792DA3A08A00062906 /* Better-IMDB.app */,
				708CAE8F2DA3A08D00062906 /* Better-IMDBTests.xctest */,
			);
			name = Products;
			sourceTree = "<group>";
		};
		708CAEC92DA3A13B00062906 /* Better-IMDB */ = {
			isa = PBXGroup;
			children = (
				70ACD19E2DA9DE2D003BB2C0 /* Shared */,
				70ACD1942DA9DCA4003BB2C0 /* App */,
				70ACD1982DA9DD6C003BB2C0 /* Features */,
				708CAEDE2DA3A2AF00062906 /* Resources */,
				708CAEC32DA3A13B00062906 /* Info.plist */,
			);
			path = "Better-IMDB";
			sourceTree = "<group>";
		};
		708CAED52DA3A14000062906 /* Better-IMDBTests */ = {
			isa = PBXGroup;
			children = (
				70F1C7A12DBE03260068F04B /* HomeViewModelSpec.swift */,
				70F5FCFF2DAC7988007BC08F /* MoviePersistenceSpec.swift */,
				701298282DAA8E8300576ED3 /* MovieDetailViewModelSpec.swift */,
				70ACD1A72DA9E3D9003BB2C0 /* ListViewModelSpec.swift */,
				708CAED42DA3A14000062906 /* Better_IMDBTests.swift */,
				70F1C79F2DBE02B20068F04B /* Mocks */,
			);
			path = "Better-IMDBTests";
			sourceTree = "<group>";
		};
		708CAEDE2DA3A2AF00062906 /* Resources */ = {
			isa = PBXGroup;
			children = (
				708CAEC22DA3A13B00062906 /* Assets.xcassets */,
			);
			path = Resources;
			sourceTree = "<group>";
		};
		70ACD1942DA9DCA4003BB2C0 /* App */ = {
			isa = PBXGroup;
			children = (
				70ACD1952DA9DD45003BB2C0 /* UI */,
				708CAEBE2DA3A13B00062906 /* AppDelegate.swift */,
				708CAEBA2DA3A13B00062906 /* AppCoordinator.swift */,
				70929C212DA7EA42008DB6AC /* TabBarCoordinator.swift */,
				708CAEC52DA3A13B00062906 /* LaunchScreen.storyboard */,
			);
			path = App;
			sourceTree = "<group>";
		};
		70ACD1952DA9DD45003BB2C0 /* UI */ = {
			isa = PBXGroup;
			children = (
				70ACD1972DA9DD54003BB2C0 /* TabBar */,
			);
			path = UI;
			sourceTree = "<group>";
		};
		70ACD1972DA9DD54003BB2C0 /* TabBar */ = {
			isa = PBXGroup;
			children = (
				70733A8D2DA5CB17006D0DA8 /* BITabBarController.swift */,
				70733A882DA5C9C9006D0DA8 /* BITabBar.swift */,
				70733A7E2DA5C3C3006D0DA8 /* BITabItem.swift */,
				70733A802DA5C6C4006D0DA8 /* BIItemView.swift */,
			);
			path = TabBar;
			sourceTree = "<group>";
		};
		70ACD1982DA9DD6C003BB2C0 /* Features */ = {
			isa = PBXGroup;
			children = (
				708CAEC72DA3A13B00062906 /* Main.storyboard */,
				70ACD1992DA9DD75003BB2C0 /* Home */,
				70ACD19B2DA9DDCD003BB2C0 /* Bookmark */,
				701E87352DA7B305000DBF15 /* List */,
				70ACD19D2DA9DE21003BB2C0 /* MovieDetail */,
			);
			path = Features;
			sourceTree = "<group>";
		};
		70ACD1992DA9DD75003BB2C0 /* Home */ = {
			isa = PBXGroup;
			children = (
				70ACD19A2DA9DD88003BB2C0 /* UI */,
				708CAEE02DA3A3AB00062906 /* HomeViewModel.swift */,
				708CAEC82DA3A13B00062906 /* HomeViewController.swift */,
				701E87382DA7B705000DBF15 /* HomeCoordinator.swift */,
			);
			path = Home;
			sourceTree = "<group>";
		};
		70ACD19A2DA9DD88003BB2C0 /* UI */ = {
			isa = PBXGroup;
			children = (
				709A1E5F2DBAEF4E00AA281C /* HomeLayoutProvider.swift */,
				701E872F2DA7B2E7000DBF15 /* HomeCollectionView.swift */,
				701E87302DA7B2E7000DBF15 /* HomeCollectionViewCell.swift */,
			);
			path = UI;
			sourceTree = "<group>";
		};
		70ACD19B2DA9DDCD003BB2C0 /* Bookmark */ = {
			isa = PBXGroup;
			children = (
				701306A52DAC4DA800B900C5 /* UI */,
				70929C242DA7F464008DB6AC /* BookmarkViewModel.swift */,
				70929C252DA7F464008DB6AC /* BookmarkViewController.swift */,
				70929C292DA7F4AB008DB6AC /* BookmarkCoordinator.swift */,
			);
			path = Bookmark;
			sourceTree = "<group>";
		};
		70ACD19D2DA9DE21003BB2C0 /* MovieDetail */ = {
			isa = PBXGroup;
			children = (
				704F5DE82DAAEC39005FA9FA /* UI */,
				701298262DAA658700576ED3 /* MovieDetailViewModel.swift */,
				701298242DAA657600576ED3 /* MovieDetailViewController.swift */,
			);
			path = MovieDetail;
			sourceTree = "<group>";
		};
		70ACD19E2DA9DE2D003BB2C0 /* Shared */ = {
			isa = PBXGroup;
			children = (
				7047126F2DC15CB00018D554 /* Core */,
				70CF2D5F2DB8CF4400FFF6D0 /* Common */,
				70ACD1A62DA9DF25003BB2C0 /* Utils */,
				70ACD1A52DA9DF12003BB2C0 /* UI */,
				70ACD1A22DA9DE90003BB2C0 /* Data */,
				70ACD19F2DA9DE38003BB2C0 /* Coordinator */,
				70ACD1A12DA9DE79003BB2C0 /* Models */,
			);
			path = Shared;
			sourceTree = "<group>";
		};
		70ACD19F2DA9DE38003BB2C0 /* Coordinator */ = {
			isa = PBXGroup;
			children = (
				708CAEBB2DA3A13B00062906 /* Coordinator.swift */,
			);
			path = Coordinator;
			sourceTree = "<group>";
		};
		70ACD1A12DA9DE79003BB2C0 /* Models */ = {
			isa = PBXGroup;
			children = (
				708A579E2DC26C200000D013 /* DependencyError.swift */,
				70CF2D602DB8CF4D00FFF6D0 /* Rest */,
				70D92C392DB6281800F1683E /* MovieSection.swift */,
				7012982A2DAA914C00576ED3 /* MovieDetail.swift */,
				708CAEC02DA3A13B00062906 /* TMDB.swift */,
			);
			path = Models;
			sourceTree = "<group>";
		};
		70ACD1A22DA9DE90003BB2C0 /* Data */ = {
			isa = PBXGroup;
			children = (
				707F70F62DAC3263003BDE12 /* Persistence */,
				70ACD1A32DA9DE98003BB2C0 /* Network */,
			);
			path = Data;
			sourceTree = "<group>";
		};
		70ACD1A32DA9DE98003BB2C0 /* Network */ = {
			isa = PBXGroup;
			children = (
				70ACD1A42DA9DEF7003BB2C0 /* Services */,
				704A69912DA3E0CA001E249C /* Request */,
				704A698D2DA3DC83001E249C /* APIClient.swift */,
				704A698F2DA3E07F001E249C /* TMDBAPI.swift */,
			);
			path = Network;
			sourceTree = "<group>";
		};
		70ACD1A42DA9DEF7003BB2C0 /* Services */ = {
			isa = PBXGroup;
			children = (
				7012982C2DAA9BA500576ED3 /* MovieDetailService.swift */,
				7016344E2DA55AA50066D373 /* TMDBService.swift */,
			);
			path = Services;
			sourceTree = "<group>";
		};
		70ACD1A52DA9DF12003BB2C0 /* UI */ = {
			isa = PBXGroup;
			children = (
				701E87312DA7B2E7000DBF15 /* MultiplePosterView.swift */,
			);
			path = UI;
			sourceTree = "<group>";
		};
		70ACD1A62DA9DF25003BB2C0 /* Utils */ = {
			isa = PBXGroup;
			children = (
				701DABC62DA69B03008625CA /* UIImageView+Ext.swift */,
				701DABBF2DA69AAA008625CA /* UIImage+Ext.swift */,
				70733A8B2DA5CAE5006D0DA8 /* UIView+Ext.swift */,
			);
			path = Utils;
			sourceTree = "<group>";
		};
		70CF2D5F2DB8CF4400FFF6D0 /* Common */ = {
			isa = PBXGroup;
			children = (
				709A1E6B2DBB88FA00AA281C /* CollectionViewController.swift */,
				709A1E5D2DBAED5500AA281C /* CollectionView.swift */,
				70CF2D652DB8EDE400FFF6D0 /* ViewController.swift */,
				70CF2D632DB8CFF500FFF6D0 /* ViewModel.swift */,
			);
			path = Common;
			sourceTree = "<group>";
		};
		70CF2D602DB8CF4D00FFF6D0 /* Rest */ = {
			isa = PBXGroup;
			children = (
				70E55D872DC0D46200E95249 /* TMDBError.swift */,
			);
			path = Rest;
			sourceTree = "<group>";
		};
		70F1C79F2DBE02B20068F04B /* Mocks */ = {
			isa = PBXGroup;
			children = (
				70F1C79E2DBE02B20068F04B /* Mock.generated.swift */,
			);
			path = Mocks;
			sourceTree = "<group>";
		};
		B1526DBA0B80D9D1B47D55E0 /* Pods */ = {
			isa = PBXGroup;
			children = (
				0F2D2C67D89CEBEEEA4ECD32 /* Pods-Better-IMDB.debug.xcconfig */,
				F6BEF953FA1AA1BBDC97A443 /* Pods-Better-IMDB.release.xcconfig */,
				34861AF15C2722E75DB83D7D /* Pods-Better-IMDBTests.debug.xcconfig */,
				7DD607A040444DCBFB39949A /* Pods-Better-IMDBTests.release.xcconfig */,
			);
			path = Pods;
			sourceTree = "<group>";
		};
/* End PBXGroup section */

/* Begin PBXNativeTarget section */
		708CAE782DA3A08A00062906 /* Better-IMDB */ = {
			isa = PBXNativeTarget;
			buildConfigurationList = 708CAEA22DA3A08D00062906 /* Build configuration list for PBXNativeTarget "Better-IMDB" */;
			buildPhases = (
				A2B613A32C3C8CAE9BD4334A /* [CP] Check Pods Manifest.lock */,
				708CAE752DA3A08A00062906 /* Sources */,
				708CAE762DA3A08A00062906 /* Frameworks */,
				708CAE772DA3A08A00062906 /* Resources */,
				E0118D181C8722310660E149 /* [CP] Embed Pods Frameworks */,
			);
			buildRules = (
			);
			dependencies = (
			);
			name = "Better-IMDB";
			packageProductDependencies = (
				704A69842DA3C3F3001E249C /* RxCocoa */,
				704A69862DA3C3F3001E249C /* RxSwift */,
				70733A862DA5C99E006D0DA8 /* RxGesture */,
				701DABC22DA69AF1008625CA /* Nuke */,
				701DABC42DA69AF1008625CA /* NukeExtensions */,
			);
			productName = "Better-IMDB";
			productReference = 708CAE792DA3A08A00062906 /* Better-IMDB.app */;
			productType = "com.apple.product-type.application";
		};
		708CAE8E2DA3A08D00062906 /* Better-IMDBTests */ = {
			isa = PBXNativeTarget;
			buildConfigurationList = 708CAEA72DA3A08D00062906 /* Build configuration list for PBXNativeTarget "Better-IMDBTests" */;
			buildPhases = (
				EAE0BD411F1E94160218FDD0 /* [CP] Check Pods Manifest.lock */,
				708CAE8B2DA3A08D00062906 /* Sources */,
				708CAE8C2DA3A08D00062906 /* Frameworks */,
				708CAE8D2DA3A08D00062906 /* Resources */,
				B7A2B85A93EA1BA97BC350D7 /* [CP] Embed Pods Frameworks */,
			);
			buildRules = (
			);
			dependencies = (
				708CAE912DA3A08D00062906 /* PBXTargetDependency */,
			);
			name = "Better-IMDBTests";
			packageProductDependencies = (
				704A69882DA3C3F3001E249C /* RxTest */,
				704A69C92DA41769001E249C /* Quick */,
				704A69CB2DA41769001E249C /* QuickLint */,
				704A69CE2DA41783001E249C /* Nimble */,
			);
			productName = "Better-IMDBTests";
			productReference = 708CAE8F2DA3A08D00062906 /* Better-IMDBTests.xctest */;
			productType = "com.apple.product-type.bundle.unit-test";
		};
/* End PBXNativeTarget section */

/* Begin PBXProject section */
		708CAE712DA3A08A00062906 /* Project object */ = {
			isa = PBXProject;
			attributes = {
				BuildIndependentTargetsInParallel = 1;
				LastSwiftUpdateCheck = 1620;
				LastUpgradeCheck = 1620;
				TargetAttributes = {
					708CAE782DA3A08A00062906 = {
						CreatedOnToolsVersion = 16.2;
					};
					708CAE8E2DA3A08D00062906 = {
						CreatedOnToolsVersion = 16.2;
						TestTargetID = 708CAE782DA3A08A00062906;
					};
				};
			};
			buildConfigurationList = 708CAE742DA3A08A00062906 /* Build configuration list for PBXProject "Better-IMDB" */;
			developmentRegion = en;
			hasScannedForEncodings = 0;
			knownRegions = (
				en,
				Base,
			);
			mainGroup = 708CAE702DA3A08A00062906;
			minimizedProjectReferenceProxies = 1;
			packageReferences = (
				704A69832DA3C3F3001E249C /* XCRemoteSwiftPackageReference "RxSwift" */,
				704A69C82DA41769001E249C /* XCRemoteSwiftPackageReference "Quick" */,
				704A69CD2DA41783001E249C /* XCRemoteSwiftPackageReference "Nimble" */,
				70733A852DA5C99E006D0DA8 /* XCRemoteSwiftPackageReference "RxGesture" */,
				701DABC12DA69AF1008625CA /* XCRemoteSwiftPackageReference "Nuke" */,
			);
			preferredProjectObjectVersion = 77;
			productRefGroup = 708CAE7A2DA3A08A00062906 /* Products */;
			projectDirPath = "";
			projectRoot = "";
			targets = (
				708CAE782DA3A08A00062906 /* Better-IMDB */,
				708CAE8E2DA3A08D00062906 /* Better-IMDBTests */,
			);
		};
/* End PBXProject section */

/* Begin PBXResourcesBuildPhase section */
		708CAE772DA3A08A00062906 /* Resources */ = {
			isa = PBXResourcesBuildPhase;
			buildActionMask = 2147483647;
			files = (
				708CAED02DA3A13B00062906 /* Assets.xcassets in Resources */,
				708CAED22DA3A13B00062906 /* LaunchScreen.storyboard in Resources */,
				708CAED32DA3A13B00062906 /* Main.storyboard in Resources */,
			);
			runOnlyForDeploymentPostprocessing = 0;
		};
		708CAE8D2DA3A08D00062906 /* Resources */ = {
			isa = PBXResourcesBuildPhase;
			buildActionMask = 2147483647;
			files = (
			);
			runOnlyForDeploymentPostprocessing = 0;
		};
/* End PBXResourcesBuildPhase section */

/* Begin PBXShellScriptBuildPhase section */
		A2B613A32C3C8CAE9BD4334A /* [CP] Check Pods Manifest.lock */ = {
			isa = PBXShellScriptBuildPhase;
			buildActionMask = 2147483647;
			files = (
			);
			inputFileListPaths = (
			);
			inputPaths = (
				"${PODS_PODFILE_DIR_PATH}/Podfile.lock",
				"${PODS_ROOT}/Manifest.lock",
			);
			name = "[CP] Check Pods Manifest.lock";
			outputFileListPaths = (
			);
			outputPaths = (
				"$(DERIVED_FILE_DIR)/Pods-Better-IMDB-checkManifestLockResult.txt",
			);
			runOnlyForDeploymentPostprocessing = 0;
			shellPath = /bin/sh;
			shellScript = "diff \"${PODS_PODFILE_DIR_PATH}/Podfile.lock\" \"${PODS_ROOT}/Manifest.lock\" > /dev/null\nif [ $? != 0 ] ; then\n    # print error to STDERR\n    echo \"error: The sandbox is not in sync with the Podfile.lock. Run 'pod install' or update your CocoaPods installation.\" >&2\n    exit 1\nfi\n# This output is used by Xcode 'outputs' to avoid re-running this script phase.\necho \"SUCCESS\" > \"${SCRIPT_OUTPUT_FILE_0}\"\n";
			showEnvVarsInLog = 0;
		};
		B7A2B85A93EA1BA97BC350D7 /* [CP] Embed Pods Frameworks */ = {
			isa = PBXShellScriptBuildPhase;
			buildActionMask = 2147483647;
			files = (
			);
			inputFileListPaths = (
				"${PODS_ROOT}/Target Support Files/Pods-Better-IMDBTests/Pods-Better-IMDBTests-frameworks-${CONFIGURATION}-input-files.xcfilelist",
			);
			name = "[CP] Embed Pods Frameworks";
			outputFileListPaths = (
				"${PODS_ROOT}/Target Support Files/Pods-Better-IMDBTests/Pods-Better-IMDBTests-frameworks-${CONFIGURATION}-output-files.xcfilelist",
			);
			runOnlyForDeploymentPostprocessing = 0;
			shellPath = /bin/sh;
			shellScript = "\"${PODS_ROOT}/Target Support Files/Pods-Better-IMDBTests/Pods-Better-IMDBTests-frameworks.sh\"\n";
			showEnvVarsInLog = 0;
		};
		E0118D181C8722310660E149 /* [CP] Embed Pods Frameworks */ = {
			isa = PBXShellScriptBuildPhase;
			buildActionMask = 2147483647;
			files = (
			);
			inputFileListPaths = (
				"${PODS_ROOT}/Target Support Files/Pods-Better-IMDB/Pods-Better-IMDB-frameworks-${CONFIGURATION}-input-files.xcfilelist",
			);
			name = "[CP] Embed Pods Frameworks";
			outputFileListPaths = (
				"${PODS_ROOT}/Target Support Files/Pods-Better-IMDB/Pods-Better-IMDB-frameworks-${CONFIGURATION}-output-files.xcfilelist",
			);
			runOnlyForDeploymentPostprocessing = 0;
			shellPath = /bin/sh;
			shellScript = "\"${PODS_ROOT}/Target Support Files/Pods-Better-IMDB/Pods-Better-IMDB-frameworks.sh\"\n";
			showEnvVarsInLog = 0;
		};
		EAE0BD411F1E94160218FDD0 /* [CP] Check Pods Manifest.lock */ = {
			isa = PBXShellScriptBuildPhase;
			buildActionMask = 2147483647;
			files = (
			);
			inputFileListPaths = (
			);
			inputPaths = (
				"${PODS_PODFILE_DIR_PATH}/Podfile.lock",
				"${PODS_ROOT}/Manifest.lock",
			);
			name = "[CP] Check Pods Manifest.lock";
			outputFileListPaths = (
			);
			outputPaths = (
				"$(DERIVED_FILE_DIR)/Pods-Better-IMDBTests-checkManifestLockResult.txt",
			);
			runOnlyForDeploymentPostprocessing = 0;
			shellPath = /bin/sh;
			shellScript = "diff \"${PODS_PODFILE_DIR_PATH}/Podfile.lock\" \"${PODS_ROOT}/Manifest.lock\" > /dev/null\nif [ $? != 0 ] ; then\n    # print error to STDERR\n    echo \"error: The sandbox is not in sync with the Podfile.lock. Run 'pod install' or update your CocoaPods installation.\" >&2\n    exit 1\nfi\n# This output is used by Xcode 'outputs' to avoid re-running this script phase.\necho \"SUCCESS\" > \"${SCRIPT_OUTPUT_FILE_0}\"\n";
			showEnvVarsInLog = 0;
		};
/* End PBXShellScriptBuildPhase section */

/* Begin PBXSourcesBuildPhase section */
		708CAE752DA3A08A00062906 /* Sources */ = {
			isa = PBXSourcesBuildPhase;
			buildActionMask = 2147483647;
			files = (
				70733A8C2DA5CAE9006D0DA8 /* UIView+Ext.swift in Sources */,
				7016344F2DA55AA50066D373 /* TMDBService.swift in Sources */,
				70733A892DA5C9C9006D0DA8 /* BITabBar.swift in Sources */,
				70929C222DA7EA42008DB6AC /* TabBarCoordinator.swift in Sources */,
				70733A7F2DA5C3E6006D0DA8 /* BITabItem.swift in Sources */,
				708CAECA2DA3A13B00062906 /* AppCoordinator.swift in Sources */,
				700CB5B72DA8751800BFCDEB /* ListCollectionViewCell.swift in Sources */,
				701E87392DA7B705000DBF15 /* HomeCoordinator.swift in Sources */,
				709A1E682DBB017E00AA281C /* ListLayoutProvider.swift in Sources */,
				707F70F82DAC3292003BDE12 /* MoviePresistence.swift in Sources */,
				701E87322DA7B2E7000DBF15 /* HomeCollectionView.swift in Sources */,
				70E55D882DC0D46200E95249 /* TMDBError.swift in Sources */,
				701E87332DA7B2E7000DBF15 /* HomeCollectionViewCell.swift in Sources */,
				701E87342DA7B2E7000DBF15 /* MultiplePosterView.swift in Sources */,
				704712712DC15CB80018D554 /* DependencyContainer.swift in Sources */,
				701DABC02DA69AB1008625CA /* UIImage+Ext.swift in Sources */,
				70CF2D642DB8CFFD00FFF6D0 /* ViewModel.swift in Sources */,
				701298252DAA657600576ED3 /* MovieDetailViewController.swift in Sources */,
				701DABC72DA69B08008625CA /* UIImageView+Ext.swift in Sources */,
				701306A62DAC4DA800B900C5 /* BookmarkListCollectionView.swift in Sources */,
				701306A72DAC4DA800B900C5 /* BookmarkListCollectionViewCell.swift in Sources */,
				704A69902DA3E07F001E249C /* TMDBAPI.swift in Sources */,
				7012982F2DAA9C1B00576ED3 /* MovieDetailRequest.swift in Sources */,
				708CAECB2DA3A13B00062906 /* Coordinator.swift in Sources */,
				70929C282DA7F464008DB6AC /* BookmarkViewController.swift in Sources */,
				701298272DAA658F00576ED3 /* MovieDetailViewModel.swift in Sources */,
				704A69932DA3E0E0001E249C /* TMDBRequest.swift in Sources */,
				708A579F2DC26C200000D013 /* DependencyError.swift in Sources */,
				704A698E2DA3DC83001E249C /* APIClient.swift in Sources */,
				70D92C3A2DB6281800F1683E /* MovieSection.swift in Sources */,
				70CF2D662DB8EDEA00FFF6D0 /* ViewController.swift in Sources */,
				708CAEE12DA3A3AE00062906 /* HomeViewModel.swift in Sources */,
				701E87372DA7B31A000DBF15 /* ListViewController.swift in Sources */,
				709A1E662DBAFD3C00AA281C /* BookmarkLayoutProvider.swift in Sources */,
				708CAECD2DA3A13B00062906 /* AppDelegate.swift in Sources */,
				7012982D2DAA9BAB00576ED3 /* MovieDetailService.swift in Sources */,
				70733A8E2DA5CB17006D0DA8 /* BITabBarController.swift in Sources */,
				70929C272DA7F464008DB6AC /* BookmarkViewModel.swift in Sources */,
				709A1E6C2DBB88FE00AA281C /* CollectionViewController.swift in Sources */,
				708CAECE2DA3A13B00062906 /* TMDB.swift in Sources */,
				709A1E5E2DBAED5500AA281C /* CollectionView.swift in Sources */,
				704A698C2DA3DB6D001E249C /* APIRequest.swift in Sources */,
				70929C2A2DA7F4AB008DB6AC /* BookmarkCoordinator.swift in Sources */,
				700CB5B32DA8749A00BFCDEB /* ListCollectionView.swift in Sources */,
				704F5DEA2DAAEC3E005FA9FA /* ValueLabelPair.swift in Sources */,
				709A1E602DBAEF4E00AA281C /* HomeLayoutProvider.swift in Sources */,
				70733A812DA5C6C4006D0DA8 /* BIItemView.swift in Sources */,
				7012982B2DAA914C00576ED3 /* MovieDetail.swift in Sources */,
				70ACD1922DA9C41A003BB2C0 /* ListViewModel.swift in Sources */,
				708CAECF2DA3A13B00062906 /* HomeViewController.swift in Sources */,
			);
			runOnlyForDeploymentPostprocessing = 0;
		};
		708CAE8B2DA3A08D00062906 /* Sources */ = {
			isa = PBXSourcesBuildPhase;
			buildActionMask = 2147483647;
			files = (
				701298292DAA8E8A00576ED3 /* MovieDetailViewModelSpec.swift in Sources */,
				70ACD1A82DA9E446003BB2C0 /* ListViewModelSpec.swift in Sources */,
				708CAED62DA3A14000062906 /* Better_IMDBTests.swift in Sources */,
				70F5FD002DAC7988007BC08F /* MoviePersistenceSpec.swift in Sources */,
				70F1C7A22DBE032D0068F04B /* HomeViewModelSpec.swift in Sources */,
				70F1C7A02DBE02B20068F04B /* Mock.generated.swift in Sources */,
			);
			runOnlyForDeploymentPostprocessing = 0;
		};
/* End PBXSourcesBuildPhase section */

/* Begin PBXTargetDependency section */
		708CAE912DA3A08D00062906 /* PBXTargetDependency */ = {
			isa = PBXTargetDependency;
			target = 708CAE782DA3A08A00062906 /* Better-IMDB */;
			targetProxy = 708CAE902DA3A08D00062906 /* PBXContainerItemProxy */;
		};
/* End PBXTargetDependency section */

/* Begin PBXVariantGroup section */
		708CAEC52DA3A13B00062906 /* LaunchScreen.storyboard */ = {
			isa = PBXVariantGroup;
			children = (
				708CAEC42DA3A13B00062906 /* Base */,
			);
			name = LaunchScreen.storyboard;
			sourceTree = "<group>";
		};
		708CAEC72DA3A13B00062906 /* Main.storyboard */ = {
			isa = PBXVariantGroup;
			children = (
				708CAEC62DA3A13B00062906 /* Base */,
			);
			name = Main.storyboard;
			sourceTree = "<group>";
		};
/* End PBXVariantGroup section */

/* Begin XCBuildConfiguration section */
		708CAEA32DA3A08D00062906 /* Debug */ = {
			isa = XCBuildConfiguration;
			baseConfigurationReference = 0F2D2C67D89CEBEEEA4ECD32 /* Pods-Better-IMDB.debug.xcconfig */;
			buildSettings = {
				ASSETCATALOG_COMPILER_APPICON_NAME = AppIcon;
				ASSETCATALOG_COMPILER_GLOBAL_ACCENT_COLOR_NAME = AccentColor;
				CODE_SIGN_STYLE = Automatic;
				CURRENT_PROJECT_VERSION = 1;
				DEVELOPMENT_TEAM = HGYNZXM7W6;
				ENABLE_USER_SCRIPT_SANDBOXING = NO;
				GENERATE_INFOPLIST_FILE = YES;
				INFOPLIST_FILE = "Better-IMDB/Info.plist";
				INFOPLIST_KEY_UIApplicationSupportsIndirectInputEvents = YES;
				INFOPLIST_KEY_UILaunchStoryboardName = LaunchScreen;
				INFOPLIST_KEY_UIMainStoryboardFile = Main;
				INFOPLIST_KEY_UISupportedInterfaceOrientations_iPad = "UIInterfaceOrientationPortrait UIInterfaceOrientationPortraitUpsideDown UIInterfaceOrientationLandscapeLeft UIInterfaceOrientationLandscapeRight";
				INFOPLIST_KEY_UISupportedInterfaceOrientations_iPhone = "UIInterfaceOrientationPortrait UIInterfaceOrientationLandscapeLeft UIInterfaceOrientationLandscapeRight";
				LD_RUNPATH_SEARCH_PATHS = (
					"$(inherited)",
					"@executable_path/Frameworks",
				);
				MARKETING_VERSION = 1.0;
				PRODUCT_BUNDLE_IDENTIFIER = "com.dbug.Better-IMDB";
				PRODUCT_NAME = "$(TARGET_NAME)";
				SWIFT_EMIT_LOC_STRINGS = YES;
				SWIFT_VERSION = 5.0;
				TARGETED_DEVICE_FAMILY = "1,2";
			};
			name = Debug;
		};
		708CAEA42DA3A08D00062906 /* Release */ = {
			isa = XCBuildConfiguration;
			baseConfigurationReference = F6BEF953FA1AA1BBDC97A443 /* Pods-Better-IMDB.release.xcconfig */;
			buildSettings = {
				ASSETCATALOG_COMPILER_APPICON_NAME = AppIcon;
				ASSETCATALOG_COMPILER_GLOBAL_ACCENT_COLOR_NAME = AccentColor;
				CODE_SIGN_STYLE = Automatic;
				CURRENT_PROJECT_VERSION = 1;
				DEVELOPMENT_TEAM = HGYNZXM7W6;
				ENABLE_USER_SCRIPT_SANDBOXING = NO;
				GENERATE_INFOPLIST_FILE = YES;
				INFOPLIST_FILE = "Better-IMDB/Info.plist";
				INFOPLIST_KEY_UIApplicationSupportsIndirectInputEvents = YES;
				INFOPLIST_KEY_UILaunchStoryboardName = LaunchScreen;
				INFOPLIST_KEY_UIMainStoryboardFile = Main;
				INFOPLIST_KEY_UISupportedInterfaceOrientations_iPad = "UIInterfaceOrientationPortrait UIInterfaceOrientationPortraitUpsideDown UIInterfaceOrientationLandscapeLeft UIInterfaceOrientationLandscapeRight";
				INFOPLIST_KEY_UISupportedInterfaceOrientations_iPhone = "UIInterfaceOrientationPortrait UIInterfaceOrientationLandscapeLeft UIInterfaceOrientationLandscapeRight";
				LD_RUNPATH_SEARCH_PATHS = (
					"$(inherited)",
					"@executable_path/Frameworks",
				);
				MARKETING_VERSION = 1.0;
				PRODUCT_BUNDLE_IDENTIFIER = "com.dbug.Better-IMDB";
				PRODUCT_NAME = "$(TARGET_NAME)";
				SWIFT_EMIT_LOC_STRINGS = YES;
				SWIFT_VERSION = 5.0;
				TARGETED_DEVICE_FAMILY = "1,2";
			};
			name = Release;
		};
		708CAEA52DA3A08D00062906 /* Debug */ = {
			isa = XCBuildConfiguration;
			buildSettings = {
				ALWAYS_SEARCH_USER_PATHS = NO;
				ASSETCATALOG_COMPILER_GENERATE_SWIFT_ASSET_SYMBOL_EXTENSIONS = YES;
				CLANG_ANALYZER_NONNULL = YES;
				CLANG_ANALYZER_NUMBER_OBJECT_CONVERSION = YES_AGGRESSIVE;
				CLANG_CXX_LANGUAGE_STANDARD = "gnu++20";
				CLANG_ENABLE_MODULES = YES;
				CLANG_ENABLE_OBJC_ARC = YES;
				CLANG_ENABLE_OBJC_WEAK = YES;
				CLANG_WARN_BLOCK_CAPTURE_AUTORELEASING = YES;
				CLANG_WARN_BOOL_CONVERSION = YES;
				CLANG_WARN_COMMA = YES;
				CLANG_WARN_CONSTANT_CONVERSION = YES;
				CLANG_WARN_DEPRECATED_OBJC_IMPLEMENTATIONS = YES;
				CLANG_WARN_DIRECT_OBJC_ISA_USAGE = YES_ERROR;
				CLANG_WARN_DOCUMENTATION_COMMENTS = YES;
				CLANG_WARN_EMPTY_BODY = YES;
				CLANG_WARN_ENUM_CONVERSION = YES;
				CLANG_WARN_INFINITE_RECURSION = YES;
				CLANG_WARN_INT_CONVERSION = YES;
				CLANG_WARN_NON_LITERAL_NULL_CONVERSION = YES;
				CLANG_WARN_OBJC_IMPLICIT_RETAIN_SELF = YES;
				CLANG_WARN_OBJC_LITERAL_CONVERSION = YES;
				CLANG_WARN_OBJC_ROOT_CLASS = YES_ERROR;
				CLANG_WARN_QUOTED_INCLUDE_IN_FRAMEWORK_HEADER = YES;
				CLANG_WARN_RANGE_LOOP_ANALYSIS = YES;
				CLANG_WARN_STRICT_PROTOTYPES = YES;
				CLANG_WARN_SUSPICIOUS_MOVE = YES;
				CLANG_WARN_UNGUARDED_AVAILABILITY = YES_AGGRESSIVE;
				CLANG_WARN_UNREACHABLE_CODE = YES;
				CLANG_WARN__DUPLICATE_METHOD_MATCH = YES;
				COPY_PHASE_STRIP = NO;
				DEBUG_INFORMATION_FORMAT = dwarf;
				ENABLE_STRICT_OBJC_MSGSEND = YES;
				ENABLE_TESTABILITY = YES;
				ENABLE_USER_SCRIPT_SANDBOXING = YES;
				GCC_C_LANGUAGE_STANDARD = gnu17;
				GCC_DYNAMIC_NO_PIC = NO;
				GCC_NO_COMMON_BLOCKS = YES;
				GCC_OPTIMIZATION_LEVEL = 0;
				GCC_PREPROCESSOR_DEFINITIONS = (
					"DEBUG=1",
					"$(inherited)",
				);
				GCC_WARN_64_TO_32_BIT_CONVERSION = YES;
				GCC_WARN_ABOUT_RETURN_TYPE = YES_ERROR;
				GCC_WARN_UNDECLARED_SELECTOR = YES;
				GCC_WARN_UNINITIALIZED_AUTOS = YES_AGGRESSIVE;
				GCC_WARN_UNUSED_FUNCTION = YES;
				GCC_WARN_UNUSED_VARIABLE = YES;
				IPHONEOS_DEPLOYMENT_TARGET = 18.2;
				LOCALIZATION_PREFERS_STRING_CATALOGS = YES;
				MTL_ENABLE_DEBUG_INFO = INCLUDE_SOURCE;
				MTL_FAST_MATH = YES;
				ONLY_ACTIVE_ARCH = YES;
				SDKROOT = iphoneos;
				SWIFT_ACTIVE_COMPILATION_CONDITIONS = "DEBUG $(inherited)";
				SWIFT_OPTIMIZATION_LEVEL = "-Onone";
			};
			name = Debug;
		};
		708CAEA62DA3A08D00062906 /* Release */ = {
			isa = XCBuildConfiguration;
			buildSettings = {
				ALWAYS_SEARCH_USER_PATHS = NO;
				ASSETCATALOG_COMPILER_GENERATE_SWIFT_ASSET_SYMBOL_EXTENSIONS = YES;
				CLANG_ANALYZER_NONNULL = YES;
				CLANG_ANALYZER_NUMBER_OBJECT_CONVERSION = YES_AGGRESSIVE;
				CLANG_CXX_LANGUAGE_STANDARD = "gnu++20";
				CLANG_ENABLE_MODULES = YES;
				CLANG_ENABLE_OBJC_ARC = YES;
				CLANG_ENABLE_OBJC_WEAK = YES;
				CLANG_WARN_BLOCK_CAPTURE_AUTORELEASING = YES;
				CLANG_WARN_BOOL_CONVERSION = YES;
				CLANG_WARN_COMMA = YES;
				CLANG_WARN_CONSTANT_CONVERSION = YES;
				CLANG_WARN_DEPRECATED_OBJC_IMPLEMENTATIONS = YES;
				CLANG_WARN_DIRECT_OBJC_ISA_USAGE = YES_ERROR;
				CLANG_WARN_DOCUMENTATION_COMMENTS = YES;
				CLANG_WARN_EMPTY_BODY = YES;
				CLANG_WARN_ENUM_CONVERSION = YES;
				CLANG_WARN_INFINITE_RECURSION = YES;
				CLANG_WARN_INT_CONVERSION = YES;
				CLANG_WARN_NON_LITERAL_NULL_CONVERSION = YES;
				CLANG_WARN_OBJC_IMPLICIT_RETAIN_SELF = YES;
				CLANG_WARN_OBJC_LITERAL_CONVERSION = YES;
				CLANG_WARN_OBJC_ROOT_CLASS = YES_ERROR;
				CLANG_WARN_QUOTED_INCLUDE_IN_FRAMEWORK_HEADER = YES;
				CLANG_WARN_RANGE_LOOP_ANALYSIS = YES;
				CLANG_WARN_STRICT_PROTOTYPES = YES;
				CLANG_WARN_SUSPICIOUS_MOVE = YES;
				CLANG_WARN_UNGUARDED_AVAILABILITY = YES_AGGRESSIVE;
				CLANG_WARN_UNREACHABLE_CODE = YES;
				CLANG_WARN__DUPLICATE_METHOD_MATCH = YES;
				COPY_PHASE_STRIP = NO;
				DEBUG_INFORMATION_FORMAT = "dwarf-with-dsym";
				ENABLE_NS_ASSERTIONS = NO;
				ENABLE_STRICT_OBJC_MSGSEND = YES;
				ENABLE_USER_SCRIPT_SANDBOXING = YES;
				GCC_C_LANGUAGE_STANDARD = gnu17;
				GCC_NO_COMMON_BLOCKS = YES;
				GCC_WARN_64_TO_32_BIT_CONVERSION = YES;
				GCC_WARN_ABOUT_RETURN_TYPE = YES_ERROR;
				GCC_WARN_UNDECLARED_SELECTOR = YES;
				GCC_WARN_UNINITIALIZED_AUTOS = YES_AGGRESSIVE;
				GCC_WARN_UNUSED_FUNCTION = YES;
				GCC_WARN_UNUSED_VARIABLE = YES;
				IPHONEOS_DEPLOYMENT_TARGET = 18.2;
				LOCALIZATION_PREFERS_STRING_CATALOGS = YES;
				MTL_ENABLE_DEBUG_INFO = NO;
				MTL_FAST_MATH = YES;
				SDKROOT = iphoneos;
				SWIFT_COMPILATION_MODE = wholemodule;
				VALIDATE_PRODUCT = YES;
			};
			name = Release;
		};
		708CAEA82DA3A08D00062906 /* Debug */ = {
			isa = XCBuildConfiguration;
			baseConfigurationReference = 34861AF15C2722E75DB83D7D /* Pods-Better-IMDBTests.debug.xcconfig */;
			buildSettings = {
				BUNDLE_LOADER = "$(TEST_HOST)";
				CODE_SIGN_STYLE = Automatic;
				CURRENT_PROJECT_VERSION = 1;
				DEVELOPMENT_TEAM = HGYNZXM7W6;
				ENABLE_USER_SCRIPT_SANDBOXING = NO;
				GENERATE_INFOPLIST_FILE = YES;
				IPHONEOS_DEPLOYMENT_TARGET = 18.2;
				MARKETING_VERSION = 1.0;
				PRODUCT_BUNDLE_IDENTIFIER = "com.dbug.Better-IMDBTests";
				PRODUCT_NAME = "$(TARGET_NAME)";
				SWIFT_EMIT_LOC_STRINGS = NO;
				SWIFT_VERSION = 5.0;
				TARGETED_DEVICE_FAMILY = "1,2";
				TEST_HOST = "$(BUILT_PRODUCTS_DIR)/Better-IMDB.app/$(BUNDLE_EXECUTABLE_FOLDER_PATH)/Better-IMDB";
			};
			name = Debug;
		};
		708CAEA92DA3A08D00062906 /* Release */ = {
			isa = XCBuildConfiguration;
			baseConfigurationReference = 7DD607A040444DCBFB39949A /* Pods-Better-IMDBTests.release.xcconfig */;
			buildSettings = {
				BUNDLE_LOADER = "$(TEST_HOST)";
				CODE_SIGN_STYLE = Automatic;
				CURRENT_PROJECT_VERSION = 1;
				DEVELOPMENT_TEAM = HGYNZXM7W6;
				ENABLE_USER_SCRIPT_SANDBOXING = NO;
				GENERATE_INFOPLIST_FILE = YES;
				IPHONEOS_DEPLOYMENT_TARGET = 18.2;
				MARKETING_VERSION = 1.0;
				PRODUCT_BUNDLE_IDENTIFIER = "com.dbug.Better-IMDBTests";
				PRODUCT_NAME = "$(TARGET_NAME)";
				SWIFT_EMIT_LOC_STRINGS = NO;
				SWIFT_VERSION = 5.0;
				TARGETED_DEVICE_FAMILY = "1,2";
				TEST_HOST = "$(BUILT_PRODUCTS_DIR)/Better-IMDB.app/$(BUNDLE_EXECUTABLE_FOLDER_PATH)/Better-IMDB";
			};
			name = Release;
		};
/* End XCBuildConfiguration section */

/* Begin XCConfigurationList section */
		708CAE742DA3A08A00062906 /* Build configuration list for PBXProject "Better-IMDB" */ = {
			isa = XCConfigurationList;
			buildConfigurations = (
				708CAEA52DA3A08D00062906 /* Debug */,
				708CAEA62DA3A08D00062906 /* Release */,
			);
			defaultConfigurationIsVisible = 0;
			defaultConfigurationName = Release;
		};
		708CAEA22DA3A08D00062906 /* Build configuration list for PBXNativeTarget "Better-IMDB" */ = {
			isa = XCConfigurationList;
			buildConfigurations = (
				708CAEA32DA3A08D00062906 /* Debug */,
				708CAEA42DA3A08D00062906 /* Release */,
			);
			defaultConfigurationIsVisible = 0;
			defaultConfigurationName = Release;
		};
		708CAEA72DA3A08D00062906 /* Build configuration list for PBXNativeTarget "Better-IMDBTests" */ = {
			isa = XCConfigurationList;
			buildConfigurations = (
				708CAEA82DA3A08D00062906 /* Debug */,
				708CAEA92DA3A08D00062906 /* Release */,
			);
			defaultConfigurationIsVisible = 0;
			defaultConfigurationName = Release;
		};
/* End XCConfigurationList section */

/* Begin XCRemoteSwiftPackageReference section */
		701DABC12DA69AF1008625CA /* XCRemoteSwiftPackageReference "Nuke" */ = {
			isa = XCRemoteSwiftPackageReference;
			repositoryURL = "https://github.com/kean/Nuke";
			requirement = {
				kind = upToNextMajorVersion;
				minimumVersion = 12.8.0;
			};
		};
		704A69832DA3C3F3001E249C /* XCRemoteSwiftPackageReference "RxSwift" */ = {
			isa = XCRemoteSwiftPackageReference;
			repositoryURL = "https://github.com/ReactiveX/RxSwift.git";
			requirement = {
				kind = upToNextMajorVersion;
				minimumVersion = 6.9.0;
			};
		};
		704A69C82DA41769001E249C /* XCRemoteSwiftPackageReference "Quick" */ = {
			isa = XCRemoteSwiftPackageReference;
			repositoryURL = "https://github.com/Quick/Quick.git";
			requirement = {
				branch = main;
				kind = branch;
			};
		};
		704A69CD2DA41783001E249C /* XCRemoteSwiftPackageReference "Nimble" */ = {
			isa = XCRemoteSwiftPackageReference;
			repositoryURL = "https://github.com/Quick/Nimble.git";
			requirement = {
				branch = main;
				kind = branch;
			};
		};
		70733A852DA5C99E006D0DA8 /* XCRemoteSwiftPackageReference "RxGesture" */ = {
			isa = XCRemoteSwiftPackageReference;
			repositoryURL = "https://github.com/RxSwiftCommunity/RxGesture.git";
			requirement = {
				kind = upToNextMajorVersion;
				minimumVersion = 4.0.4;
			};
		};
/* End XCRemoteSwiftPackageReference section */

/* Begin XCSwiftPackageProductDependency section */
		701DABC22DA69AF1008625CA /* Nuke */ = {
			isa = XCSwiftPackageProductDependency;
			package = 701DABC12DA69AF1008625CA /* XCRemoteSwiftPackageReference "Nuke" */;
			productName = Nuke;
		};
		701DABC42DA69AF1008625CA /* NukeExtensions */ = {
			isa = XCSwiftPackageProductDependency;
			package = 701DABC12DA69AF1008625CA /* XCRemoteSwiftPackageReference "Nuke" */;
			productName = NukeExtensions;
		};
		704A69842DA3C3F3001E249C /* RxCocoa */ = {
			isa = XCSwiftPackageProductDependency;
			package = 704A69832DA3C3F3001E249C /* XCRemoteSwiftPackageReference "RxSwift" */;
			productName = RxCocoa;
		};
		704A69862DA3C3F3001E249C /* RxSwift */ = {
			isa = XCSwiftPackageProductDependency;
			package = 704A69832DA3C3F3001E249C /* XCRemoteSwiftPackageReference "RxSwift" */;
			productName = RxSwift;
		};
		704A69882DA3C3F3001E249C /* RxTest */ = {
			isa = XCSwiftPackageProductDependency;
			package = 704A69832DA3C3F3001E249C /* XCRemoteSwiftPackageReference "RxSwift" */;
			productName = RxTest;
		};
		704A69C92DA41769001E249C /* Quick */ = {
			isa = XCSwiftPackageProductDependency;
			package = 704A69C82DA41769001E249C /* XCRemoteSwiftPackageReference "Quick" */;
			productName = Quick;
		};
		704A69CB2DA41769001E249C /* QuickLint */ = {
			isa = XCSwiftPackageProductDependency;
			package = 704A69C82DA41769001E249C /* XCRemoteSwiftPackageReference "Quick" */;
			productName = QuickLint;
		};
		704A69CE2DA41783001E249C /* Nimble */ = {
			isa = XCSwiftPackageProductDependency;
			package = 704A69CD2DA41783001E249C /* XCRemoteSwiftPackageReference "Nimble" */;
			productName = Nimble;
		};
		70733A862DA5C99E006D0DA8 /* RxGesture */ = {
			isa = XCSwiftPackageProductDependency;
			package = 70733A852DA5C99E006D0DA8 /* XCRemoteSwiftPackageReference "RxGesture" */;
			productName = RxGesture;
		};
/* End XCSwiftPackageProductDependency section */
	};
	rootObject = 708CAE712DA3A08A00062906 /* Project object */;
}
